{
    "version": 3,
    "terraform_version": "0.9.2",
    "serial": 17,
    "lineage": "7159fa00-fb46-461b-b3ea-682dce07166a",
    "modules": [
        {
            "path": [
                "root"
            ],
            "outputs": {},
            "resources": {
                "aws_elb.infra": {
                    "type": "aws_elb",
                    "depends_on": [
                        "module.vpc",
                        "module.vpc"
                    ],
                    "primary": {
                        "id": "infra",
                        "attributes": {
                            "access_logs.#": "0",
                            "availability_zones.#": "2",
                            "availability_zones.1305112097": "us-east-1b",
                            "availability_zones.3569565595": "us-east-1a",
                            "connection_draining": "true",
                            "connection_draining_timeout": "400",
                            "cross_zone_load_balancing": "true",
                            "dns_name": "internal-infra-541272427.us-east-1.elb.amazonaws.com",
                            "health_check.#": "1",
                            "health_check.0.healthy_threshold": "10",
                            "health_check.0.interval": "30",
                            "health_check.0.target": "TCP:8500",
                            "health_check.0.timeout": "5",
                            "health_check.0.unhealthy_threshold": "2",
                            "id": "infra",
                            "idle_timeout": "400",
                            "instances.#": "0",
                            "internal": "true",
                            "listener.#": "4",
                            "listener.1053189378.instance_port": "8500",
                            "listener.1053189378.instance_protocol": "http",
                            "listener.1053189378.lb_port": "8500",
                            "listener.1053189378.lb_protocol": "http",
                            "listener.1053189378.ssl_certificate_id": "",
                            "listener.206307251.instance_port": "8301",
                            "listener.206307251.instance_protocol": "tcp",
                            "listener.206307251.lb_port": "8301",
                            "listener.206307251.lb_protocol": "tcp",
                            "listener.206307251.ssl_certificate_id": "",
                            "listener.342577628.instance_port": "8302",
                            "listener.342577628.instance_protocol": "tcp",
                            "listener.342577628.lb_port": "8302",
                            "listener.342577628.lb_protocol": "tcp",
                            "listener.342577628.ssl_certificate_id": "",
                            "listener.72639894.instance_port": "8300",
                            "listener.72639894.instance_protocol": "tcp",
                            "listener.72639894.lb_port": "8300",
                            "listener.72639894.lb_protocol": "tcp",
                            "listener.72639894.ssl_certificate_id": "",
                            "name": "infra",
                            "security_groups.#": "1",
                            "security_groups.288836901": "sg-851b00fa",
                            "source_security_group": "814258403605/default",
                            "source_security_group_id": "sg-851b00fa",
                            "subnets.#": "2",
                            "subnets.1352255643": "subnet-d8efcabd",
                            "subnets.3605881370": "subnet-e74aa8bd",
                            "tags.%": "1",
                            "tags.Name": "sfiip-infra-elb",
                            "zone_id": "Z35SXDOTRQ7X7K"
                        },
                        "meta": {},
                        "tainted": false
                    },
                    "deposed": [],
                    "provider": ""
                },
                "aws_elb.mgr": {
                    "type": "aws_elb",
                    "depends_on": [
                        "module.vpc",
                        "module.vpc"
                    ],
                    "primary": {
                        "id": "mgr",
                        "attributes": {
                            "access_logs.#": "0",
                            "availability_zones.#": "2",
                            "availability_zones.1305112097": "us-east-1b",
                            "availability_zones.3569565595": "us-east-1a",
                            "connection_draining": "true",
                            "connection_draining_timeout": "400",
                            "cross_zone_load_balancing": "true",
                            "dns_name": "mgr-1173557651.us-east-1.elb.amazonaws.com",
                            "health_check.#": "1",
                            "health_check.0.healthy_threshold": "10",
                            "health_check.0.interval": "30",
                            "health_check.0.target": "HTTP:80/health",
                            "health_check.0.timeout": "5",
                            "health_check.0.unhealthy_threshold": "2",
                            "id": "mgr",
                            "idle_timeout": "400",
                            "instances.#": "0",
                            "internal": "false",
                            "listener.#": "2",
                            "listener.1092403652.instance_port": "8080",
                            "listener.1092403652.instance_protocol": "http",
                            "listener.1092403652.lb_port": "8080",
                            "listener.1092403652.lb_protocol": "http",
                            "listener.1092403652.ssl_certificate_id": "",
                            "listener.3057123346.instance_port": "80",
                            "listener.3057123346.instance_protocol": "http",
                            "listener.3057123346.lb_port": "80",
                            "listener.3057123346.lb_protocol": "http",
                            "listener.3057123346.ssl_certificate_id": "",
                            "name": "mgr",
                            "security_groups.#": "1",
                            "security_groups.288836901": "sg-851b00fa",
                            "source_security_group": "814258403605/default",
                            "source_security_group_id": "sg-851b00fa",
                            "subnets.#": "2",
                            "subnets.127905078": "subnet-c4ecc9a1",
                            "subnets.820358523": "subnet-864ba9dc",
                            "tags.%": "1",
                            "tags.Name": "sfiip-mgr-elb",
                            "zone_id": "Z35SXDOTRQ7X7K"
                        },
                        "meta": {},
                        "tainted": false
                    },
                    "deposed": [],
                    "provider": ""
                },
                "aws_opsworks_custom_layer.infra": {
                    "type": "aws_opsworks_custom_layer",
                    "depends_on": [
                        "aws_elb.infra",
                        "aws_opsworks_stack.dev",
                        "module.vpc"
                    ],
                    "primary": {
                        "id": "5f5e5eda-a606-40cd-b169-512eb4763381",
                        "attributes": {
                            "auto_assign_elastic_ips": "false",
                            "auto_assign_public_ips": "false",
                            "auto_healing": "true",
                            "custom_configure_recipes.#": "2",
                            "custom_configure_recipes.0": "docker_ps::default",
                            "custom_configure_recipes.1": "consul_ps::server",
                            "custom_deploy_recipes.#": "0",
                            "custom_instance_profile_arn": "",
                            "custom_json": "{\"consul\":{\"config\":{\"bootstrap_expect\":3,\"datacenter\":\"us-east-1\",\"ports\":{\"dns\":53},\"recursors\":[\"8.8.8.8\",\"8.8.4.4\"],\"retry_join\":[\"infra1\"],\"server\":true},\"version\":\"0.8.0\"},\"hashicorp-vault\":{\"config\":{\"backend_options\":{\"address\":\"127.0.0.1:8500\"},\"backend_type\":\"consul\",\"tls_disable\":1}}}",
                            "custom_security_group_ids.#": "1",
                            "custom_security_group_ids.288836901": "sg-851b00fa",
                            "custom_setup_recipes.#": "0",
                            "custom_shutdown_recipes.#": "0",
                            "custom_undeploy_recipes.#": "0",
                            "drain_elb_on_shutdown": "true",
                            "ebs_volume.#": "0",
                            "elastic_load_balancer": "infra",
                            "id": "5f5e5eda-a606-40cd-b169-512eb4763381",
                            "install_updates_on_boot": "true",
                            "instance_shutdown_timeout": "120",
                            "name": "infrastructure",
                            "short_name": "infra",
                            "stack_id": "1f4dbb30-49a2-441a-bbb4-51c3fbe7d8c8",
                            "system_packages.#": "0",
                            "use_ebs_optimized_instances": "false"
                        },
                        "meta": {},
                        "tainted": false
                    },
                    "deposed": [],
                    "provider": ""
                },
                "aws_opsworks_custom_layer.mgr": {
                    "type": "aws_opsworks_custom_layer",
                    "depends_on": [
                        "aws_elb.infra",
                        "aws_elb.mgr",
                        "aws_opsworks_stack.dev",
                        "module.vpc"
                    ],
                    "primary": {
                        "id": "117603e5-f1b8-4f0c-86dd-233a79b2ef2a",
                        "attributes": {
                            "auto_assign_elastic_ips": "false",
                            "auto_assign_public_ips": "false",
                            "auto_healing": "true",
                            "custom_configure_recipes.#": "5",
                            "custom_configure_recipes.0": "docker_ps::default",
                            "custom_configure_recipes.1": "consul_ps::client",
                            "custom_configure_recipes.2": "docker_ps::registrator",
                            "custom_configure_recipes.3": "docker_ps::swarm_init",
                            "custom_configure_recipes.4": "docker_ps::swarm_bootstrap",
                            "custom_deploy_recipes.#": "0",
                            "custom_instance_profile_arn": "",
                            "custom_json": "{\"aws_ps\":{\"ecr_helper\":{\"registry\":\"814258403605.dkr.ecr.us-east-1.amazonaws.com\"}},\"consul\":{\"config\":{\"datacenter\":\"us-east-1\",\"ports\":{\"dns\":53},\"recursors\":[\"8.8.8.8\",\"8.8.4.4\"],\"retry_join\":[\"internal-infra-541272427.us-east-1.elb.amazonaws.com\"]},\"version\":\"0.8.0\"},\"docker_ps\":{\"docker\":{\"dns\":\"172.17.0.1\"},\"registrator\":{\"command\":\"-internal -cleanup consul://127.0.0.1:8500\"},\"swarm\":{\"leader\":\"mgr1\"}}}",
                            "custom_security_group_ids.#": "1",
                            "custom_security_group_ids.288836901": "sg-851b00fa",
                            "custom_setup_recipes.#": "0",
                            "custom_shutdown_recipes.#": "1",
                            "custom_shutdown_recipes.0": "docker_ps::swarm_leave",
                            "custom_undeploy_recipes.#": "0",
                            "drain_elb_on_shutdown": "true",
                            "ebs_volume.#": "0",
                            "elastic_load_balancer": "mgr",
                            "id": "117603e5-f1b8-4f0c-86dd-233a79b2ef2a",
                            "install_updates_on_boot": "true",
                            "instance_shutdown_timeout": "120",
                            "name": "manager",
                            "short_name": "mgr",
                            "stack_id": "1f4dbb30-49a2-441a-bbb4-51c3fbe7d8c8",
                            "system_packages.#": "0",
                            "use_ebs_optimized_instances": "false"
                        },
                        "meta": {},
                        "tainted": false
                    },
                    "deposed": [],
                    "provider": ""
                },
                "aws_opsworks_custom_layer.pub": {
                    "type": "aws_opsworks_custom_layer",
                    "depends_on": [
                        "aws_elb.infra",
                        "aws_opsworks_stack.dev",
                        "module.vpc"
                    ],
                    "primary": {
                        "id": "a20bb85b-7d69-4d8e-8987-d09241bee5fd",
                        "attributes": {
                            "auto_assign_elastic_ips": "false",
                            "auto_assign_public_ips": "true",
                            "auto_healing": "true",
                            "custom_configure_recipes.#": "0",
                            "custom_deploy_recipes.#": "0",
                            "custom_instance_profile_arn": "",
                            "custom_json": "{\"consul\":{\"config\":{\"datacenter\":\"us-east-1\",\"ports\":{\"dns\":53},\"recursors\":[\"8.8.8.8\",\"8.8.4.4\"],\"retry_join\":[\"internal-infra-541272427.us-east-1.elb.amazonaws.com\"],\"ui\":true},\"version\":\"0.8.0\"}}",
                            "custom_security_group_ids.#": "1",
                            "custom_security_group_ids.288836901": "sg-851b00fa",
                            "custom_setup_recipes.#": "1",
                            "custom_setup_recipes.0": "consul_ps::client",
                            "custom_shutdown_recipes.#": "0",
                            "custom_undeploy_recipes.#": "0",
                            "drain_elb_on_shutdown": "true",
                            "ebs_volume.#": "0",
                            "elastic_load_balancer": "",
                            "id": "a20bb85b-7d69-4d8e-8987-d09241bee5fd",
                            "install_updates_on_boot": "true",
                            "instance_shutdown_timeout": "120",
                            "name": "public",
                            "short_name": "pub",
                            "stack_id": "1f4dbb30-49a2-441a-bbb4-51c3fbe7d8c8",
                            "system_packages.#": "0",
                            "use_ebs_optimized_instances": "false"
                        },
                        "meta": {},
                        "tainted": false
                    },
                    "deposed": [],
                    "provider": ""
                },
                "aws_opsworks_custom_layer.wrk": {
                    "type": "aws_opsworks_custom_layer",
                    "depends_on": [
                        "aws_elb.infra",
                        "aws_opsworks_stack.dev",
                        "module.vpc"
                    ],
                    "primary": {
                        "id": "082b5eaf-9206-449e-b008-798ff70d1847",
                        "attributes": {
                            "auto_assign_elastic_ips": "false",
                            "auto_assign_public_ips": "false",
                            "auto_healing": "true",
                            "custom_configure_recipes.#": "4",
                            "custom_configure_recipes.0": "docker_ps::default",
                            "custom_configure_recipes.1": "consul_ps::client",
                            "custom_configure_recipes.2": "docker_ps::registrator",
                            "custom_configure_recipes.3": "docker_ps::swarm_join",
                            "custom_deploy_recipes.#": "0",
                            "custom_instance_profile_arn": "",
                            "custom_json": "{\"aws_ps\":{\"ecr_helper\":{\"registry\":\"814258403605.dkr.ecr.us-east-1.amazonaws.com\"}},\"consul\":{\"config\":{\"datacenter\":\"us-east-1\",\"ports\":{\"dns\":53},\"recursors\":[\"8.8.8.8\",\"8.8.4.4\"],\"retry_join\":[\"internal-infra-541272427.us-east-1.elb.amazonaws.com\"]},\"version\":\"0.8.0\"},\"docker_ps\":{\"docker\":{\"dns\":\"172.17.0.1\"},\"registrator\":{\"command\":\"-internal -cleanup consul://127.0.0.1:8500\"},\"swarm\":{\"leader\":\"mgr1\"}}}",
                            "custom_security_group_ids.#": "1",
                            "custom_security_group_ids.288836901": "sg-851b00fa",
                            "custom_setup_recipes.#": "0",
                            "custom_shutdown_recipes.#": "1",
                            "custom_shutdown_recipes.0": "docker_ps::swarm_leave",
                            "custom_undeploy_recipes.#": "0",
                            "drain_elb_on_shutdown": "true",
                            "ebs_volume.#": "0",
                            "elastic_load_balancer": "",
                            "id": "082b5eaf-9206-449e-b008-798ff70d1847",
                            "install_updates_on_boot": "true",
                            "instance_shutdown_timeout": "120",
                            "name": "worker",
                            "short_name": "wrk",
                            "stack_id": "1f4dbb30-49a2-441a-bbb4-51c3fbe7d8c8",
                            "system_packages.#": "0",
                            "use_ebs_optimized_instances": "false"
                        },
                        "meta": {},
                        "tainted": false
                    },
                    "deposed": [],
                    "provider": ""
                },
                "aws_opsworks_instance.infra1": {
                    "type": "aws_opsworks_instance",
                    "depends_on": [
                        "aws_opsworks_custom_layer.infra",
                        "aws_opsworks_stack.dev",
                        "module.vpc"
                    ],
                    "primary": {
                        "id": "ed874bcd-a022-4810-8cb5-99248d365673",
                        "attributes": {
                            "agent_version": "INHERIT",
                            "ami_id": "ami-5def554b",
                            "architecture": "x86_64",
                            "auto_scaling_type": "",
                            "availability_zone": "us-east-1a",
                            "created_at": "2017-04-27T14:26:57+00:00",
                            "delete_ebs": "true",
                            "delete_eip": "true",
                            "ebs_block_device.#": "0",
                            "ebs_optimized": "false",
                            "ec2_instance_id": "",
                            "ecs_cluster_arn": "",
                            "elastic_ip": "",
                            "ephemeral_block_device.#": "0",
                            "hostname": "infra1",
                            "id": "ed874bcd-a022-4810-8cb5-99248d365673",
                            "infrastructure_class": "ec2",
                            "install_updates_on_boot": "true",
                            "instance_profile_arn": "",
                            "instance_type": "t2.micro",
                            "last_service_error_id": "",
                            "layer_ids.#": "1",
                            "layer_ids.0": "5f5e5eda-a606-40cd-b169-512eb4763381",
                            "os": "Ubuntu 16.04 LTS",
                            "platform": "linux",
                            "private_dns": "",
                            "private_ip": "",
                            "public_dns": "",
                            "public_ip": "",
                            "registered_by": "",
                            "reported_agent_version": "",
                            "reported_os_family": "",
                            "reported_os_name": "",
                            "reported_os_version": "",
                            "root_block_device.#": "0",
                            "root_device_type": "ebs",
                            "root_device_volume_id": "",
                            "security_group_ids.#": "0",
                            "ssh_host_dsa_key_fingerprint": "",
                            "ssh_host_rsa_key_fingerprint": "",
                            "ssh_key_name": "",
                            "stack_id": "1f4dbb30-49a2-441a-bbb4-51c3fbe7d8c8",
                            "status": "stopped",
                            "subnet_id": "subnet-e74aa8bd",
                            "tenancy": "default",
                            "virtualization_type": "hvm"
                        },
                        "meta": {},
                        "tainted": false
                    },
                    "deposed": [],
                    "provider": ""
                },
                "aws_opsworks_instance.infra2": {
                    "type": "aws_opsworks_instance",
                    "depends_on": [
                        "aws_opsworks_custom_layer.infra",
                        "aws_opsworks_stack.dev",
                        "module.vpc"
                    ],
                    "primary": {
                        "id": "5b8de745-4692-4909-b490-99d635f3d1d0",
                        "attributes": {
                            "agent_version": "INHERIT",
                            "ami_id": "ami-5def554b",
                            "architecture": "x86_64",
                            "auto_scaling_type": "",
                            "availability_zone": "us-east-1b",
                            "created_at": "2017-04-27T14:26:57+00:00",
                            "delete_ebs": "true",
                            "delete_eip": "true",
                            "ebs_block_device.#": "0",
                            "ebs_optimized": "false",
                            "ec2_instance_id": "",
                            "ecs_cluster_arn": "",
                            "elastic_ip": "",
                            "ephemeral_block_device.#": "0",
                            "hostname": "infra2",
                            "id": "5b8de745-4692-4909-b490-99d635f3d1d0",
                            "infrastructure_class": "ec2",
                            "install_updates_on_boot": "true",
                            "instance_profile_arn": "",
                            "instance_type": "t2.micro",
                            "last_service_error_id": "",
                            "layer_ids.#": "1",
                            "layer_ids.0": "5f5e5eda-a606-40cd-b169-512eb4763381",
                            "os": "Ubuntu 16.04 LTS",
                            "platform": "linux",
                            "private_dns": "",
                            "private_ip": "",
                            "public_dns": "",
                            "public_ip": "",
                            "registered_by": "",
                            "reported_agent_version": "",
                            "reported_os_family": "",
                            "reported_os_name": "",
                            "reported_os_version": "",
                            "root_block_device.#": "0",
                            "root_device_type": "ebs",
                            "root_device_volume_id": "",
                            "security_group_ids.#": "0",
                            "ssh_host_dsa_key_fingerprint": "",
                            "ssh_host_rsa_key_fingerprint": "",
                            "ssh_key_name": "",
                            "stack_id": "1f4dbb30-49a2-441a-bbb4-51c3fbe7d8c8",
                            "status": "stopped",
                            "subnet_id": "subnet-d8efcabd",
                            "tenancy": "default",
                            "virtualization_type": "hvm"
                        },
                        "meta": {},
                        "tainted": false
                    },
                    "deposed": [],
                    "provider": ""
                },
                "aws_opsworks_instance.infra3": {
                    "type": "aws_opsworks_instance",
                    "depends_on": [
                        "aws_opsworks_custom_layer.infra",
                        "aws_opsworks_stack.dev",
                        "module.vpc"
                    ],
                    "primary": {
                        "id": "b01a3a73-8761-4365-b240-0d724492f5f3",
                        "attributes": {
                            "agent_version": "INHERIT",
                            "ami_id": "ami-5def554b",
                            "architecture": "x86_64",
                            "auto_scaling_type": "",
                            "availability_zone": "us-east-1c",
                            "created_at": "2017-04-27T14:26:57+00:00",
                            "delete_ebs": "true",
                            "delete_eip": "true",
                            "ebs_block_device.#": "0",
                            "ebs_optimized": "false",
                            "ec2_instance_id": "",
                            "ecs_cluster_arn": "",
                            "elastic_ip": "",
                            "ephemeral_block_device.#": "0",
                            "hostname": "infra3",
                            "id": "b01a3a73-8761-4365-b240-0d724492f5f3",
                            "infrastructure_class": "ec2",
                            "install_updates_on_boot": "true",
                            "instance_profile_arn": "",
                            "instance_type": "t2.micro",
                            "last_service_error_id": "",
                            "layer_ids.#": "1",
                            "layer_ids.0": "5f5e5eda-a606-40cd-b169-512eb4763381",
                            "os": "Ubuntu 16.04 LTS",
                            "platform": "linux",
                            "private_dns": "",
                            "private_ip": "",
                            "public_dns": "",
                            "public_ip": "",
                            "registered_by": "",
                            "reported_agent_version": "",
                            "reported_os_family": "",
                            "reported_os_name": "",
                            "reported_os_version": "",
                            "root_block_device.#": "0",
                            "root_device_type": "ebs",
                            "root_device_volume_id": "",
                            "security_group_ids.#": "0",
                            "ssh_host_dsa_key_fingerprint": "",
                            "ssh_host_rsa_key_fingerprint": "",
                            "ssh_key_name": "",
                            "stack_id": "1f4dbb30-49a2-441a-bbb4-51c3fbe7d8c8",
                            "status": "stopped",
                            "subnet_id": "subnet-2c9c6b00",
                            "tenancy": "default",
                            "virtualization_type": "hvm"
                        },
                        "meta": {},
                        "tainted": false
                    },
                    "deposed": [],
                    "provider": ""
                },
                "aws_opsworks_instance.mgr1": {
                    "type": "aws_opsworks_instance",
                    "depends_on": [
                        "aws_opsworks_custom_layer.mgr",
                        "aws_opsworks_stack.dev",
                        "module.vpc"
                    ],
                    "primary": {
                        "id": "0b14841e-cbb2-421b-9fe0-87ba099f0bd4",
                        "attributes": {
                            "agent_version": "INHERIT",
                            "ami_id": "ami-5def554b",
                            "architecture": "x86_64",
                            "auto_scaling_type": "",
                            "availability_zone": "us-east-1a",
                            "created_at": "2017-04-27T14:26:57+00:00",
                            "delete_ebs": "true",
                            "delete_eip": "true",
                            "ebs_block_device.#": "0",
                            "ebs_optimized": "false",
                            "ec2_instance_id": "",
                            "ecs_cluster_arn": "",
                            "elastic_ip": "",
                            "ephemeral_block_device.#": "0",
                            "hostname": "mgr1",
                            "id": "0b14841e-cbb2-421b-9fe0-87ba099f0bd4",
                            "infrastructure_class": "ec2",
                            "install_updates_on_boot": "true",
                            "instance_profile_arn": "",
                            "instance_type": "t2.micro",
                            "last_service_error_id": "",
                            "layer_ids.#": "1",
                            "layer_ids.0": "117603e5-f1b8-4f0c-86dd-233a79b2ef2a",
                            "os": "Ubuntu 16.04 LTS",
                            "platform": "linux",
                            "private_dns": "",
                            "private_ip": "",
                            "public_dns": "",
                            "public_ip": "",
                            "registered_by": "",
                            "reported_agent_version": "",
                            "reported_os_family": "",
                            "reported_os_name": "",
                            "reported_os_version": "",
                            "root_block_device.#": "0",
                            "root_device_type": "ebs",
                            "root_device_volume_id": "",
                            "security_group_ids.#": "0",
                            "ssh_host_dsa_key_fingerprint": "",
                            "ssh_host_rsa_key_fingerprint": "",
                            "ssh_key_name": "",
                            "stack_id": "1f4dbb30-49a2-441a-bbb4-51c3fbe7d8c8",
                            "status": "stopped",
                            "subnet_id": "subnet-1046a44a",
                            "tenancy": "default",
                            "virtualization_type": "hvm"
                        },
                        "meta": {},
                        "tainted": false
                    },
                    "deposed": [],
                    "provider": ""
                },
                "aws_opsworks_instance.mgr2": {
                    "type": "aws_opsworks_instance",
                    "depends_on": [
                        "aws_opsworks_custom_layer.mgr",
                        "aws_opsworks_stack.dev",
                        "module.vpc"
                    ],
                    "primary": {
                        "id": "f91a0722-d79c-4e19-abf2-9198f5bde5b1",
                        "attributes": {
                            "agent_version": "INHERIT",
                            "ami_id": "ami-5def554b",
                            "architecture": "x86_64",
                            "auto_scaling_type": "",
                            "availability_zone": "us-east-1b",
                            "created_at": "2017-04-27T14:26:57+00:00",
                            "delete_ebs": "true",
                            "delete_eip": "true",
                            "ebs_block_device.#": "0",
                            "ebs_optimized": "false",
                            "ec2_instance_id": "",
                            "ecs_cluster_arn": "",
                            "elastic_ip": "",
                            "ephemeral_block_device.#": "0",
                            "hostname": "mgr2",
                            "id": "f91a0722-d79c-4e19-abf2-9198f5bde5b1",
                            "infrastructure_class": "ec2",
                            "install_updates_on_boot": "true",
                            "instance_profile_arn": "",
                            "instance_type": "t2.micro",
                            "last_service_error_id": "",
                            "layer_ids.#": "1",
                            "layer_ids.0": "117603e5-f1b8-4f0c-86dd-233a79b2ef2a",
                            "os": "Ubuntu 16.04 LTS",
                            "platform": "linux",
                            "private_dns": "",
                            "private_ip": "",
                            "public_dns": "",
                            "public_ip": "",
                            "registered_by": "",
                            "reported_agent_version": "",
                            "reported_os_family": "",
                            "reported_os_name": "",
                            "reported_os_version": "",
                            "root_block_device.#": "0",
                            "root_device_type": "ebs",
                            "root_device_volume_id": "",
                            "security_group_ids.#": "0",
                            "ssh_host_dsa_key_fingerprint": "",
                            "ssh_host_rsa_key_fingerprint": "",
                            "ssh_key_name": "",
                            "stack_id": "1f4dbb30-49a2-441a-bbb4-51c3fbe7d8c8",
                            "status": "stopped",
                            "subnet_id": "subnet-5decc938",
                            "tenancy": "default",
                            "virtualization_type": "hvm"
                        },
                        "meta": {},
                        "tainted": false
                    },
                    "deposed": [],
                    "provider": ""
                },
                "aws_opsworks_instance.mgr3": {
                    "type": "aws_opsworks_instance",
                    "depends_on": [
                        "aws_opsworks_custom_layer.mgr",
                        "aws_opsworks_stack.dev",
                        "module.vpc"
                    ],
                    "primary": {
                        "id": "f8f461fc-637d-42f6-ba2f-378a9fe623e3",
                        "attributes": {
                            "agent_version": "INHERIT",
                            "ami_id": "ami-5def554b",
                            "architecture": "x86_64",
                            "auto_scaling_type": "",
                            "availability_zone": "us-east-1c",
                            "created_at": "2017-04-27T14:26:57+00:00",
                            "delete_ebs": "true",
                            "delete_eip": "true",
                            "ebs_block_device.#": "0",
                            "ebs_optimized": "false",
                            "ec2_instance_id": "",
                            "ecs_cluster_arn": "",
                            "elastic_ip": "",
                            "ephemeral_block_device.#": "0",
                            "hostname": "mgr3",
                            "id": "f8f461fc-637d-42f6-ba2f-378a9fe623e3",
                            "infrastructure_class": "ec2",
                            "install_updates_on_boot": "true",
                            "instance_profile_arn": "",
                            "instance_type": "t2.micro",
                            "last_service_error_id": "",
                            "layer_ids.#": "1",
                            "layer_ids.0": "117603e5-f1b8-4f0c-86dd-233a79b2ef2a",
                            "os": "Ubuntu 16.04 LTS",
                            "platform": "linux",
                            "private_dns": "",
                            "private_ip": "",
                            "public_dns": "",
                            "public_ip": "",
                            "registered_by": "",
                            "reported_agent_version": "",
                            "reported_os_family": "",
                            "reported_os_name": "",
                            "reported_os_version": "",
                            "root_block_device.#": "0",
                            "root_device_type": "ebs",
                            "root_device_volume_id": "",
                            "security_group_ids.#": "0",
                            "ssh_host_dsa_key_fingerprint": "",
                            "ssh_host_rsa_key_fingerprint": "",
                            "ssh_key_name": "",
                            "stack_id": "1f4dbb30-49a2-441a-bbb4-51c3fbe7d8c8",
                            "status": "stopped",
                            "subnet_id": "subnet-cf9b6ce3",
                            "tenancy": "default",
                            "virtualization_type": "hvm"
                        },
                        "meta": {},
                        "tainted": false
                    },
                    "deposed": [],
                    "provider": ""
                },
                "aws_opsworks_instance.pub1": {
                    "type": "aws_opsworks_instance",
                    "depends_on": [
                        "aws_opsworks_custom_layer.pub",
                        "aws_opsworks_stack.dev",
                        "module.vpc"
                    ],
                    "primary": {
                        "id": "3919bcbd-ca2a-475a-a29d-c16fb461dda2",
                        "attributes": {
                            "agent_version": "INHERIT",
                            "ami_id": "ami-5def554b",
                            "architecture": "x86_64",
                            "auto_scaling_type": "",
                            "availability_zone": "us-east-1a",
                            "created_at": "2017-04-27T14:26:56+00:00",
                            "delete_ebs": "true",
                            "delete_eip": "true",
                            "ebs_block_device.#": "0",
                            "ebs_optimized": "false",
                            "ec2_instance_id": "",
                            "ecs_cluster_arn": "",
                            "elastic_ip": "",
                            "ephemeral_block_device.#": "0",
                            "hostname": "pub1",
                            "id": "3919bcbd-ca2a-475a-a29d-c16fb461dda2",
                            "infrastructure_class": "ec2",
                            "install_updates_on_boot": "true",
                            "instance_profile_arn": "",
                            "instance_type": "t2.micro",
                            "last_service_error_id": "",
                            "layer_ids.#": "1",
                            "layer_ids.0": "a20bb85b-7d69-4d8e-8987-d09241bee5fd",
                            "os": "Ubuntu 16.04 LTS",
                            "platform": "linux",
                            "private_dns": "",
                            "private_ip": "",
                            "public_dns": "",
                            "public_ip": "",
                            "registered_by": "",
                            "reported_agent_version": "",
                            "reported_os_family": "",
                            "reported_os_name": "",
                            "reported_os_version": "",
                            "root_block_device.#": "0",
                            "root_device_type": "ebs",
                            "root_device_volume_id": "",
                            "security_group_ids.#": "0",
                            "ssh_host_dsa_key_fingerprint": "",
                            "ssh_host_rsa_key_fingerprint": "",
                            "ssh_key_name": "",
                            "stack_id": "1f4dbb30-49a2-441a-bbb4-51c3fbe7d8c8",
                            "status": "stopped",
                            "subnet_id": "subnet-864ba9dc",
                            "tenancy": "default",
                            "virtualization_type": "hvm"
                        },
                        "meta": {},
                        "tainted": false
                    },
                    "deposed": [],
                    "provider": ""
                },
                "aws_opsworks_instance.wrk1": {
                    "type": "aws_opsworks_instance",
                    "depends_on": [
                        "aws_opsworks_custom_layer.wrk",
                        "aws_opsworks_stack.dev",
                        "module.vpc"
                    ],
                    "primary": {
                        "id": "bb0a1ea7-545c-49d3-a68e-763355d8f95a",
                        "attributes": {
                            "agent_version": "INHERIT",
                            "ami_id": "ami-5def554b",
                            "architecture": "x86_64",
                            "auto_scaling_type": "",
                            "availability_zone": "us-east-1a",
                            "created_at": "2017-04-27T14:26:56+00:00",
                            "delete_ebs": "true",
                            "delete_eip": "true",
                            "ebs_block_device.#": "0",
                            "ebs_optimized": "false",
                            "ec2_instance_id": "",
                            "ecs_cluster_arn": "",
                            "elastic_ip": "",
                            "ephemeral_block_device.#": "0",
                            "hostname": "wrk1",
                            "id": "bb0a1ea7-545c-49d3-a68e-763355d8f95a",
                            "infrastructure_class": "ec2",
                            "install_updates_on_boot": "true",
                            "instance_profile_arn": "",
                            "instance_type": "t2.micro",
                            "last_service_error_id": "",
                            "layer_ids.#": "1",
                            "layer_ids.0": "082b5eaf-9206-449e-b008-798ff70d1847",
                            "os": "Ubuntu 16.04 LTS",
                            "platform": "linux",
                            "private_dns": "",
                            "private_ip": "",
                            "public_dns": "",
                            "public_ip": "",
                            "registered_by": "",
                            "reported_agent_version": "",
                            "reported_os_family": "",
                            "reported_os_name": "",
                            "reported_os_version": "",
                            "root_block_device.#": "0",
                            "root_device_type": "ebs",
                            "root_device_volume_id": "",
                            "security_group_ids.#": "0",
                            "ssh_host_dsa_key_fingerprint": "",
                            "ssh_host_rsa_key_fingerprint": "",
                            "ssh_key_name": "",
                            "stack_id": "1f4dbb30-49a2-441a-bbb4-51c3fbe7d8c8",
                            "status": "stopped",
                            "subnet_id": "subnet-e047a5ba",
                            "tenancy": "default",
                            "virtualization_type": "hvm"
                        },
                        "meta": {},
                        "tainted": false
                    },
                    "deposed": [],
                    "provider": ""
                },
                "aws_opsworks_instance.wrk2": {
                    "type": "aws_opsworks_instance",
                    "depends_on": [
                        "aws_opsworks_custom_layer.wrk",
                        "aws_opsworks_stack.dev",
                        "module.vpc"
                    ],
                    "primary": {
                        "id": "bb2acc11-4343-463f-9863-9ff51ffeb8f2",
                        "attributes": {
                            "agent_version": "INHERIT",
                            "ami_id": "ami-5def554b",
                            "architecture": "x86_64",
                            "auto_scaling_type": "",
                            "availability_zone": "us-east-1b",
                            "created_at": "2017-04-27T14:26:56+00:00",
                            "delete_ebs": "true",
                            "delete_eip": "true",
                            "ebs_block_device.#": "0",
                            "ebs_optimized": "false",
                            "ec2_instance_id": "",
                            "ecs_cluster_arn": "",
                            "elastic_ip": "",
                            "ephemeral_block_device.#": "0",
                            "hostname": "wrk2",
                            "id": "bb2acc11-4343-463f-9863-9ff51ffeb8f2",
                            "infrastructure_class": "ec2",
                            "install_updates_on_boot": "true",
                            "instance_profile_arn": "",
                            "instance_type": "t2.micro",
                            "last_service_error_id": "",
                            "layer_ids.#": "1",
                            "layer_ids.0": "082b5eaf-9206-449e-b008-798ff70d1847",
                            "os": "Ubuntu 16.04 LTS",
                            "platform": "linux",
                            "private_dns": "",
                            "private_ip": "",
                            "public_dns": "",
                            "public_ip": "",
                            "registered_by": "",
                            "reported_agent_version": "",
                            "reported_os_family": "",
                            "reported_os_name": "",
                            "reported_os_version": "",
                            "root_block_device.#": "0",
                            "root_device_type": "ebs",
                            "root_device_volume_id": "",
                            "security_group_ids.#": "0",
                            "ssh_host_dsa_key_fingerprint": "",
                            "ssh_host_rsa_key_fingerprint": "",
                            "ssh_key_name": "",
                            "stack_id": "1f4dbb30-49a2-441a-bbb4-51c3fbe7d8c8",
                            "status": "stopped",
                            "subnet_id": "subnet-86eecbe3",
                            "tenancy": "default",
                            "virtualization_type": "hvm"
                        },
                        "meta": {},
                        "tainted": false
                    },
                    "deposed": [],
                    "provider": ""
                },
                "aws_opsworks_instance.wrk3": {
                    "type": "aws_opsworks_instance",
                    "depends_on": [
                        "aws_opsworks_custom_layer.wrk",
                        "aws_opsworks_stack.dev",
                        "module.vpc"
                    ],
                    "primary": {
                        "id": "9ad56fd1-e082-45e6-86e6-597bece84cf1",
                        "attributes": {
                            "agent_version": "INHERIT",
                            "ami_id": "ami-5def554b",
                            "architecture": "x86_64",
                            "auto_scaling_type": "",
                            "availability_zone": "us-east-1c",
                            "created_at": "2017-04-27T14:26:56+00:00",
                            "delete_ebs": "true",
                            "delete_eip": "true",
                            "ebs_block_device.#": "0",
                            "ebs_optimized": "false",
                            "ec2_instance_id": "",
                            "ecs_cluster_arn": "",
                            "elastic_ip": "",
                            "ephemeral_block_device.#": "0",
                            "hostname": "wrk3",
                            "id": "9ad56fd1-e082-45e6-86e6-597bece84cf1",
                            "infrastructure_class": "ec2",
                            "install_updates_on_boot": "true",
                            "instance_profile_arn": "",
                            "instance_type": "t2.micro",
                            "last_service_error_id": "",
                            "layer_ids.#": "1",
                            "layer_ids.0": "082b5eaf-9206-449e-b008-798ff70d1847",
                            "os": "Ubuntu 16.04 LTS",
                            "platform": "linux",
                            "private_dns": "",
                            "private_ip": "",
                            "public_dns": "",
                            "public_ip": "",
                            "registered_by": "",
                            "reported_agent_version": "",
                            "reported_os_family": "",
                            "reported_os_name": "",
                            "reported_os_version": "",
                            "root_block_device.#": "0",
                            "root_device_type": "ebs",
                            "root_device_volume_id": "",
                            "security_group_ids.#": "0",
                            "ssh_host_dsa_key_fingerprint": "",
                            "ssh_host_rsa_key_fingerprint": "",
                            "ssh_key_name": "",
                            "stack_id": "1f4dbb30-49a2-441a-bbb4-51c3fbe7d8c8",
                            "status": "stopped",
                            "subnet_id": "subnet-409f686c",
                            "tenancy": "default",
                            "virtualization_type": "hvm"
                        },
                        "meta": {},
                        "tainted": false
                    },
                    "deposed": [],
                    "provider": ""
                },
                "aws_opsworks_stack.dev": {
                    "type": "aws_opsworks_stack",
                    "depends_on": [
                        "module.roles",
                        "module.roles",
                        "module.roles",
                        "module.vpc",
                        "module.vpc",
                        "module.vpc"
                    ],
                    "primary": {
                        "id": "1f4dbb30-49a2-441a-bbb4-51c3fbe7d8c8",
                        "attributes": {
                            "agent_version": "LATEST",
                            "berkshelf_version": "3.2.0",
                            "color": "rgb(57, 131, 94)",
                            "configuration_manager_name": "Chef",
                            "configuration_manager_version": "12",
                            "custom_cookbooks_source.#": "1",
                            "custom_cookbooks_source.0.password": "",
                            "custom_cookbooks_source.0.revision": "",
                            "custom_cookbooks_source.0.ssh_key": "",
                            "custom_cookbooks_source.0.type": "s3",
                            "custom_cookbooks_source.0.url": "https://s3.amazonaws.com/ps-cookbooks/cookbooks.tar.gz",
                            "custom_cookbooks_source.0.username": "",
                            "default_availability_zone": "us-east-1a",
                            "default_instance_profile_arn": "arn:aws:iam::814258403605:instance-profile/sfiip-ec2",
                            "default_os": "Ubuntu 16.04 LTS",
                            "default_root_device_type": "instance-store",
                            "default_ssh_key_name": "",
                            "default_subnet_id": "subnet-e047a5ba",
                            "hostname_theme": "Layer_Dependent",
                            "id": "1f4dbb30-49a2-441a-bbb4-51c3fbe7d8c8",
                            "manage_berkshelf": "true",
                            "name": "dev",
                            "region": "us-east-1",
                            "service_role_arn": "arn:aws:iam::814258403605:role/sfiip-opsworks",
                            "stack_endpoint": "us-east-1",
                            "use_custom_cookbooks": "true",
                            "use_opsworks_security_groups": "false",
                            "vpc_id": "vpc-dddbc4bb"
                        },
                        "meta": {},
                        "tainted": false
                    },
                    "deposed": [],
                    "provider": ""
                }
            },
            "depends_on": []
        },
        {
            "path": [
                "root",
                "roles"
            ],
            "outputs": {
                "instance_profile_arn": {
                    "sensitive": false,
                    "type": "string",
                    "value": "arn:aws:iam::814258403605:instance-profile/sfiip-ec2"
                },
                "service_role_arn": {
                    "sensitive": false,
                    "type": "string",
                    "value": "arn:aws:iam::814258403605:role/sfiip-opsworks"
                }
            },
            "resources": {
                "aws_iam_instance_profile.sfiip_ec2": {
                    "type": "aws_iam_instance_profile",
                    "depends_on": [
                        "aws_iam_role.sfiip_ec2"
                    ],
                    "primary": {
                        "id": "sfiip-ec2",
                        "attributes": {
                            "arn": "arn:aws:iam::814258403605:instance-profile/sfiip-ec2",
                            "id": "sfiip-ec2",
                            "name": "sfiip-ec2",
                            "path": "/",
                            "roles.#": "1",
                            "roles.1810358821": "sfiip-ec2",
                            "unique_id": "AIPAJWC4LPQ4D2P4XH26S"
                        },
                        "meta": {},
                        "tainted": false
                    },
                    "deposed": [],
                    "provider": ""
                },
                "aws_iam_policy_attachment.ecr_read": {
                    "type": "aws_iam_policy_attachment",
                    "depends_on": [
                        "aws_iam_role.sfiip_ec2"
                    ],
                    "primary": {
                        "id": "ecr-read-attachment",
                        "attributes": {
                            "groups.#": "0",
                            "id": "ecr-read-attachment",
                            "name": "ecr-read-attachment",
                            "policy_arn": "arn:aws:iam::aws:policy/AmazonEC2ContainerRegistryFullAccess",
                            "roles.#": "1",
                            "roles.1810358821": "sfiip-ec2",
                            "users.#": "0"
                        },
                        "meta": {},
                        "tainted": false
                    },
                    "deposed": [],
                    "provider": ""
                },
                "aws_iam_policy_attachment.s3_read": {
                    "type": "aws_iam_policy_attachment",
                    "depends_on": [
                        "aws_iam_role.sfiip_ec2"
                    ],
                    "primary": {
                        "id": "s3-read-attachment",
                        "attributes": {
                            "groups.#": "0",
                            "id": "s3-read-attachment",
                            "name": "s3-read-attachment",
                            "policy_arn": "arn:aws:iam::aws:policy/AmazonS3ReadOnlyAccess",
                            "roles.#": "1",
                            "roles.1810358821": "sfiip-ec2",
                            "users.#": "0"
                        },
                        "meta": {},
                        "tainted": false
                    },
                    "deposed": [],
                    "provider": ""
                },
                "aws_iam_role.sfiip_ec2": {
                    "type": "aws_iam_role",
                    "depends_on": [],
                    "primary": {
                        "id": "sfiip-ec2",
                        "attributes": {
                            "arn": "arn:aws:iam::814258403605:role/sfiip-ec2",
                            "assume_role_policy": "{\n  \"Version\": \"2012-10-17\",\n  \"Statement\": [\n    {\n      \"Action\": \"sts:AssumeRole\",\n      \"Principal\": {\n        \"Service\": \"ec2.amazonaws.com\"\n      },\n      \"Effect\": \"Allow\",\n      \"Sid\": \"\"\n    }\n  ]\n}\n",
                            "create_date": "2017-04-27T14:24:55Z",
                            "id": "sfiip-ec2",
                            "name": "sfiip-ec2",
                            "path": "/",
                            "unique_id": "AROAJKH6VHQ2REJTGJ3KS"
                        },
                        "meta": {},
                        "tainted": false
                    },
                    "deposed": [],
                    "provider": ""
                },
                "aws_iam_role.sfiip_opsworks": {
                    "type": "aws_iam_role",
                    "depends_on": [],
                    "primary": {
                        "id": "sfiip-opsworks",
                        "attributes": {
                            "arn": "arn:aws:iam::814258403605:role/sfiip-opsworks",
                            "assume_role_policy": "{\n  \"Version\": \"2012-10-17\",\n  \"Statement\": [\n    {\n      \"Effect\": \"Allow\",\n      \"Principal\": {\n        \"Service\": \"opsworks.amazonaws.com\"\n      },\n      \"Action\": \"sts:AssumeRole\"\n    }\n  ]\n}\n",
                            "create_date": "2017-04-27T14:24:55Z",
                            "id": "sfiip-opsworks",
                            "name": "sfiip-opsworks",
                            "path": "/",
                            "unique_id": "AROAIZ375MUHFTR4W4JKG"
                        },
                        "meta": {},
                        "tainted": false
                    },
                    "deposed": [],
                    "provider": ""
                },
                "aws_iam_role_policy.sfiip_opsworks": {
                    "type": "aws_iam_role_policy",
                    "depends_on": [
                        "aws_iam_role.sfiip_opsworks"
                    ],
                    "primary": {
                        "id": "sfiip-opsworks:sfiip-opsworks",
                        "attributes": {
                            "id": "sfiip-opsworks:sfiip-opsworks",
                            "name": "sfiip-opsworks",
                            "policy": "{\n    \"Version\": \"2012-10-17\",\n    \"Statement\": [{\n        \"Effect\": \"Allow\",\n        \"Action\": [\n            \"cloudwatch:GetMetricStatistics\",\n            \"cloudwatch:DescribeAlarms\",\n             \"ec2:*\",\n             \"ecs:*\",\n             \"elasticloadbalancing:*\",\n             \"iam:GetRolePolicy\",\n             \"iam:ListInstanceProfiles\",\n             \"iam:ListRoles\",\n             \"iam:ListUsers\",\n             \"iam:PassRole\",\n             \"opsworks:*\",\n             \"rds:*\"\n        ],\n        \"Resource\": [\"*\"]\n    }]\n}\n",
                            "role": "sfiip-opsworks"
                        },
                        "meta": {},
                        "tainted": false
                    },
                    "deposed": [],
                    "provider": ""
                }
            },
            "depends_on": []
        },
        {
            "path": [
                "root",
                "vpc"
            ],
            "outputs": {
                "infra1a_subnet_id": {
                    "sensitive": false,
                    "type": "string",
                    "value": "subnet-e74aa8bd"
                },
                "infra1b_subnet_id": {
                    "sensitive": false,
                    "type": "string",
                    "value": "subnet-d8efcabd"
                },
                "infra1c_subnet_id": {
                    "sensitive": false,
                    "type": "string",
                    "value": "subnet-2c9c6b00"
                },
                "mgr1a_subnet_id": {
                    "sensitive": false,
                    "type": "string",
                    "value": "subnet-1046a44a"
                },
                "mgr1b_subnet_id": {
                    "sensitive": false,
                    "type": "string",
                    "value": "subnet-5decc938"
                },
                "mgr1c_subnet_id": {
                    "sensitive": false,
                    "type": "string",
                    "value": "subnet-cf9b6ce3"
                },
                "pub1a_subnet_id": {
                    "sensitive": false,
                    "type": "string",
                    "value": "subnet-864ba9dc"
                },
                "pub1b_subnet_id": {
                    "sensitive": false,
                    "type": "string",
                    "value": "subnet-c4ecc9a1"
                },
                "pub1c_subnet_id": {
                    "sensitive": false,
                    "type": "string",
                    "value": "subnet-8a9d6aa6"
                },
                "vpc_default_security_group_id": {
                    "sensitive": false,
                    "type": "string",
                    "value": "sg-851b00fa"
                },
                "vpc_id": {
                    "sensitive": false,
                    "type": "string",
                    "value": "vpc-dddbc4bb"
                },
                "wrk1a_subnet_id": {
                    "sensitive": false,
                    "type": "string",
                    "value": "subnet-e047a5ba"
                },
                "wrk1b_subnet_id": {
                    "sensitive": false,
                    "type": "string",
                    "value": "subnet-86eecbe3"
                },
                "wrk1c_subnet_id": {
                    "sensitive": false,
                    "type": "string",
                    "value": "subnet-409f686c"
                }
            },
            "resources": {
                "aws_default_security_group.default": {
                    "type": "aws_default_security_group",
                    "depends_on": [
                        "aws_vpc.sfiip"
                    ],
                    "primary": {
                        "id": "sg-851b00fa",
                        "attributes": {
                            "egress.#": "1",
                            "egress.482069346.cidr_blocks.#": "1",
                            "egress.482069346.cidr_blocks.0": "0.0.0.0/0",
                            "egress.482069346.from_port": "0",
                            "egress.482069346.ipv6_cidr_blocks.#": "0",
                            "egress.482069346.prefix_list_ids.#": "0",
                            "egress.482069346.protocol": "-1",
                            "egress.482069346.security_groups.#": "0",
                            "egress.482069346.self": "false",
                            "egress.482069346.to_port": "0",
                            "id": "sg-851b00fa",
                            "ingress.#": "1",
                            "ingress.482069346.cidr_blocks.#": "1",
                            "ingress.482069346.cidr_blocks.0": "0.0.0.0/0",
                            "ingress.482069346.from_port": "0",
                            "ingress.482069346.ipv6_cidr_blocks.#": "0",
                            "ingress.482069346.protocol": "-1",
                            "ingress.482069346.security_groups.#": "0",
                            "ingress.482069346.self": "false",
                            "ingress.482069346.to_port": "0",
                            "name": "default",
                            "owner_id": "814258403605",
                            "tags.%": "0",
                            "vpc_id": "vpc-dddbc4bb"
                        },
                        "meta": {},
                        "tainted": false
                    },
                    "deposed": [],
                    "provider": ""
                },
                "aws_eip.nat1a": {
                    "type": "aws_eip",
                    "depends_on": [],
                    "primary": {
                        "id": "eipalloc-62341653",
                        "attributes": {
                            "association_id": "",
                            "domain": "vpc",
                            "id": "eipalloc-62341653",
                            "instance": "",
                            "network_interface": "",
                            "private_ip": "",
                            "public_ip": "34.202.212.202",
                            "vpc": "true"
                        },
                        "meta": {},
                        "tainted": false
                    },
                    "deposed": [],
                    "provider": ""
                },
                "aws_internet_gateway.sfiip": {
                    "type": "aws_internet_gateway",
                    "depends_on": [
                        "aws_vpc.sfiip"
                    ],
                    "primary": {
                        "id": "igw-7536e213",
                        "attributes": {
                            "id": "igw-7536e213",
                            "tags.%": "1",
                            "tags.Name": "sfiip-igw",
                            "vpc_id": "vpc-dddbc4bb"
                        },
                        "meta": {},
                        "tainted": false
                    },
                    "deposed": [],
                    "provider": ""
                },
                "aws_nat_gateway.natgw1a": {
                    "type": "aws_nat_gateway",
                    "depends_on": [
                        "aws_eip.nat1a",
                        "aws_subnet.pub1a"
                    ],
                    "primary": {
                        "id": "nat-0ec29f3a859e0b793",
                        "attributes": {
                            "allocation_id": "eipalloc-62341653",
                            "id": "nat-0ec29f3a859e0b793",
                            "network_interface_id": "eni-9527a24d",
                            "private_ip": "172.30.0.111",
                            "public_ip": "34.202.212.202",
                            "subnet_id": "subnet-864ba9dc"
                        },
                        "meta": {},
                        "tainted": false
                    },
                    "deposed": [],
                    "provider": ""
                },
                "aws_network_acl.private": {
                    "type": "aws_network_acl",
                    "depends_on": [
                        "aws_subnet.infra1a",
                        "aws_subnet.infra1b",
                        "aws_subnet.infra1c",
                        "aws_subnet.mgr1a",
                        "aws_subnet.mgr1b",
                        "aws_subnet.mgr1c",
                        "aws_subnet.wrk1a",
                        "aws_subnet.wrk1b",
                        "aws_subnet.wrk1c",
                        "aws_vpc.sfiip"
                    ],
                    "primary": {
                        "id": "acl-d214a5ab",
                        "attributes": {
                            "egress.#": "5",
                            "egress.152947009.action": "allow",
                            "egress.152947009.cidr_block": "0.0.0.0/0",
                            "egress.152947009.from_port": "443",
                            "egress.152947009.icmp_code": "0",
                            "egress.152947009.icmp_type": "0",
                            "egress.152947009.ipv6_cidr_block": "",
                            "egress.152947009.protocol": "6",
                            "egress.152947009.rule_no": "130",
                            "egress.152947009.to_port": "443",
                            "egress.1636378140.action": "allow",
                            "egress.1636378140.cidr_block": "0.0.0.0/0",
                            "egress.1636378140.from_port": "53",
                            "egress.1636378140.icmp_code": "0",
                            "egress.1636378140.icmp_type": "0",
                            "egress.1636378140.ipv6_cidr_block": "",
                            "egress.1636378140.protocol": "17",
                            "egress.1636378140.rule_no": "110",
                            "egress.1636378140.to_port": "53",
                            "egress.2339855579.action": "allow",
                            "egress.2339855579.cidr_block": "0.0.0.0/0",
                            "egress.2339855579.from_port": "80",
                            "egress.2339855579.icmp_code": "0",
                            "egress.2339855579.icmp_type": "0",
                            "egress.2339855579.ipv6_cidr_block": "",
                            "egress.2339855579.protocol": "6",
                            "egress.2339855579.rule_no": "120",
                            "egress.2339855579.to_port": "80",
                            "egress.3745672565.action": "allow",
                            "egress.3745672565.cidr_block": "172.30.0.0/16",
                            "egress.3745672565.from_port": "0",
                            "egress.3745672565.icmp_code": "0",
                            "egress.3745672565.icmp_type": "0",
                            "egress.3745672565.ipv6_cidr_block": "",
                            "egress.3745672565.protocol": "-1",
                            "egress.3745672565.rule_no": "1",
                            "egress.3745672565.to_port": "0",
                            "egress.557895879.action": "allow",
                            "egress.557895879.cidr_block": "0.0.0.0/0",
                            "egress.557895879.from_port": "22",
                            "egress.557895879.icmp_code": "0",
                            "egress.557895879.icmp_type": "0",
                            "egress.557895879.ipv6_cidr_block": "",
                            "egress.557895879.protocol": "6",
                            "egress.557895879.rule_no": "100",
                            "egress.557895879.to_port": "22",
                            "id": "acl-d214a5ab",
                            "ingress.#": "3",
                            "ingress.1238172720.action": "allow",
                            "ingress.1238172720.cidr_block": "0.0.0.0/0",
                            "ingress.1238172720.from_port": "1024",
                            "ingress.1238172720.icmp_code": "0",
                            "ingress.1238172720.icmp_type": "0",
                            "ingress.1238172720.ipv6_cidr_block": "",
                            "ingress.1238172720.protocol": "6",
                            "ingress.1238172720.rule_no": "1000",
                            "ingress.1238172720.to_port": "65535",
                            "ingress.369307631.action": "allow",
                            "ingress.369307631.cidr_block": "0.0.0.0/0",
                            "ingress.369307631.from_port": "1024",
                            "ingress.369307631.icmp_code": "0",
                            "ingress.369307631.icmp_type": "0",
                            "ingress.369307631.ipv6_cidr_block": "",
                            "ingress.369307631.protocol": "17",
                            "ingress.369307631.rule_no": "1001",
                            "ingress.369307631.to_port": "65535",
                            "ingress.3745672565.action": "allow",
                            "ingress.3745672565.cidr_block": "172.30.0.0/16",
                            "ingress.3745672565.from_port": "0",
                            "ingress.3745672565.icmp_code": "0",
                            "ingress.3745672565.icmp_type": "0",
                            "ingress.3745672565.ipv6_cidr_block": "",
                            "ingress.3745672565.protocol": "-1",
                            "ingress.3745672565.rule_no": "1",
                            "ingress.3745672565.to_port": "0",
                            "subnet_ids.#": "9",
                            "subnet_ids.1179793842": "subnet-5decc938",
                            "subnet_ids.1269834649": "subnet-2c9c6b00",
                            "subnet_ids.1352255643": "subnet-d8efcabd",
                            "subnet_ids.2450610922": "subnet-409f686c",
                            "subnet_ids.3605881370": "subnet-e74aa8bd",
                            "subnet_ids.3702194467": "subnet-e047a5ba",
                            "subnet_ids.3716433226": "subnet-1046a44a",
                            "subnet_ids.3798156362": "subnet-cf9b6ce3",
                            "subnet_ids.4253533014": "subnet-86eecbe3",
                            "tags.%": "1",
                            "tags.Name": "private",
                            "vpc_id": "vpc-dddbc4bb"
                        },
                        "meta": {},
                        "tainted": false
                    },
                    "deposed": [],
                    "provider": ""
                },
                "aws_network_acl.public": {
                    "type": "aws_network_acl",
                    "depends_on": [
                        "aws_subnet.pub1a",
                        "aws_subnet.pub1b",
                        "aws_subnet.pub1c",
                        "aws_vpc.sfiip"
                    ],
                    "primary": {
                        "id": "acl-7518a90c",
                        "attributes": {
                            "egress.#": "7",
                            "egress.1238172720.action": "allow",
                            "egress.1238172720.cidr_block": "0.0.0.0/0",
                            "egress.1238172720.from_port": "1024",
                            "egress.1238172720.icmp_code": "0",
                            "egress.1238172720.icmp_type": "0",
                            "egress.1238172720.ipv6_cidr_block": "",
                            "egress.1238172720.protocol": "6",
                            "egress.1238172720.rule_no": "1000",
                            "egress.1238172720.to_port": "65535",
                            "egress.152947009.action": "allow",
                            "egress.152947009.cidr_block": "0.0.0.0/0",
                            "egress.152947009.from_port": "443",
                            "egress.152947009.icmp_code": "0",
                            "egress.152947009.icmp_type": "0",
                            "egress.152947009.ipv6_cidr_block": "",
                            "egress.152947009.protocol": "6",
                            "egress.152947009.rule_no": "130",
                            "egress.152947009.to_port": "443",
                            "egress.1636378140.action": "allow",
                            "egress.1636378140.cidr_block": "0.0.0.0/0",
                            "egress.1636378140.from_port": "53",
                            "egress.1636378140.icmp_code": "0",
                            "egress.1636378140.icmp_type": "0",
                            "egress.1636378140.ipv6_cidr_block": "",
                            "egress.1636378140.protocol": "17",
                            "egress.1636378140.rule_no": "110",
                            "egress.1636378140.to_port": "53",
                            "egress.2339855579.action": "allow",
                            "egress.2339855579.cidr_block": "0.0.0.0/0",
                            "egress.2339855579.from_port": "80",
                            "egress.2339855579.icmp_code": "0",
                            "egress.2339855579.icmp_type": "0",
                            "egress.2339855579.ipv6_cidr_block": "",
                            "egress.2339855579.protocol": "6",
                            "egress.2339855579.rule_no": "120",
                            "egress.2339855579.to_port": "80",
                            "egress.369307631.action": "allow",
                            "egress.369307631.cidr_block": "0.0.0.0/0",
                            "egress.369307631.from_port": "1024",
                            "egress.369307631.icmp_code": "0",
                            "egress.369307631.icmp_type": "0",
                            "egress.369307631.ipv6_cidr_block": "",
                            "egress.369307631.protocol": "17",
                            "egress.369307631.rule_no": "1001",
                            "egress.369307631.to_port": "65535",
                            "egress.3745672565.action": "allow",
                            "egress.3745672565.cidr_block": "172.30.0.0/16",
                            "egress.3745672565.from_port": "0",
                            "egress.3745672565.icmp_code": "0",
                            "egress.3745672565.icmp_type": "0",
                            "egress.3745672565.ipv6_cidr_block": "",
                            "egress.3745672565.protocol": "-1",
                            "egress.3745672565.rule_no": "1",
                            "egress.3745672565.to_port": "0",
                            "egress.557895879.action": "allow",
                            "egress.557895879.cidr_block": "0.0.0.0/0",
                            "egress.557895879.from_port": "22",
                            "egress.557895879.icmp_code": "0",
                            "egress.557895879.icmp_type": "0",
                            "egress.557895879.ipv6_cidr_block": "",
                            "egress.557895879.protocol": "6",
                            "egress.557895879.rule_no": "100",
                            "egress.557895879.to_port": "22",
                            "id": "acl-7518a90c",
                            "ingress.#": "6",
                            "ingress.1238172720.action": "allow",
                            "ingress.1238172720.cidr_block": "0.0.0.0/0",
                            "ingress.1238172720.from_port": "1024",
                            "ingress.1238172720.icmp_code": "0",
                            "ingress.1238172720.icmp_type": "0",
                            "ingress.1238172720.ipv6_cidr_block": "",
                            "ingress.1238172720.protocol": "6",
                            "ingress.1238172720.rule_no": "1000",
                            "ingress.1238172720.to_port": "65535",
                            "ingress.2032185635.action": "allow",
                            "ingress.2032185635.cidr_block": "0.0.0.0/0",
                            "ingress.2032185635.from_port": "80",
                            "ingress.2032185635.icmp_code": "0",
                            "ingress.2032185635.icmp_type": "0",
                            "ingress.2032185635.ipv6_cidr_block": "",
                            "ingress.2032185635.protocol": "6",
                            "ingress.2032185635.rule_no": "110",
                            "ingress.2032185635.to_port": "80",
                            "ingress.369307631.action": "allow",
                            "ingress.369307631.cidr_block": "0.0.0.0/0",
                            "ingress.369307631.from_port": "1024",
                            "ingress.369307631.icmp_code": "0",
                            "ingress.369307631.icmp_type": "0",
                            "ingress.369307631.ipv6_cidr_block": "",
                            "ingress.369307631.protocol": "17",
                            "ingress.369307631.rule_no": "1001",
                            "ingress.369307631.to_port": "65535",
                            "ingress.3745672565.action": "allow",
                            "ingress.3745672565.cidr_block": "172.30.0.0/16",
                            "ingress.3745672565.from_port": "0",
                            "ingress.3745672565.icmp_code": "0",
                            "ingress.3745672565.icmp_type": "0",
                            "ingress.3745672565.ipv6_cidr_block": "",
                            "ingress.3745672565.protocol": "-1",
                            "ingress.3745672565.rule_no": "1",
                            "ingress.3745672565.to_port": "0",
                            "ingress.3993006038.action": "allow",
                            "ingress.3993006038.cidr_block": "0.0.0.0/0",
                            "ingress.3993006038.from_port": "443",
                            "ingress.3993006038.icmp_code": "0",
                            "ingress.3993006038.icmp_type": "0",
                            "ingress.3993006038.ipv6_cidr_block": "",
                            "ingress.3993006038.protocol": "6",
                            "ingress.3993006038.rule_no": "120",
                            "ingress.3993006038.to_port": "443",
                            "ingress.557895879.action": "allow",
                            "ingress.557895879.cidr_block": "0.0.0.0/0",
                            "ingress.557895879.from_port": "22",
                            "ingress.557895879.icmp_code": "0",
                            "ingress.557895879.icmp_type": "0",
                            "ingress.557895879.ipv6_cidr_block": "",
                            "ingress.557895879.protocol": "6",
                            "ingress.557895879.rule_no": "100",
                            "ingress.557895879.to_port": "22",
                            "subnet_ids.#": "3",
                            "subnet_ids.127905078": "subnet-c4ecc9a1",
                            "subnet_ids.3075114257": "subnet-8a9d6aa6",
                            "subnet_ids.820358523": "subnet-864ba9dc",
                            "tags.%": "1",
                            "tags.Name": "public",
                            "vpc_id": "vpc-dddbc4bb"
                        },
                        "meta": {},
                        "tainted": false
                    },
                    "deposed": [],
                    "provider": ""
                },
                "aws_route_table.pub": {
                    "type": "aws_route_table",
                    "depends_on": [
                        "aws_internet_gateway.sfiip",
                        "aws_vpc.sfiip"
                    ],
                    "primary": {
                        "id": "rtb-d68582af",
                        "attributes": {
                            "id": "rtb-d68582af",
                            "propagating_vgws.#": "0",
                            "route.#": "1",
                            "route.181484133.cidr_block": "0.0.0.0/0",
                            "route.181484133.egress_only_gateway_id": "",
                            "route.181484133.gateway_id": "igw-7536e213",
                            "route.181484133.instance_id": "",
                            "route.181484133.ipv6_cidr_block": "",
                            "route.181484133.nat_gateway_id": "",
                            "route.181484133.network_interface_id": "",
                            "route.181484133.vpc_peering_connection_id": "",
                            "tags.%": "1",
                            "tags.Name": "public",
                            "vpc_id": "vpc-dddbc4bb"
                        },
                        "meta": {},
                        "tainted": false
                    },
                    "deposed": [],
                    "provider": ""
                },
                "aws_route_table.pvt": {
                    "type": "aws_route_table",
                    "depends_on": [
                        "aws_nat_gateway.natgw1a",
                        "aws_vpc.sfiip"
                    ],
                    "primary": {
                        "id": "rtb-5e878027",
                        "attributes": {
                            "id": "rtb-5e878027",
                            "propagating_vgws.#": "0",
                            "route.#": "1",
                            "route.2007348999.cidr_block": "0.0.0.0/0",
                            "route.2007348999.egress_only_gateway_id": "",
                            "route.2007348999.gateway_id": "",
                            "route.2007348999.instance_id": "",
                            "route.2007348999.ipv6_cidr_block": "",
                            "route.2007348999.nat_gateway_id": "nat-0ec29f3a859e0b793",
                            "route.2007348999.network_interface_id": "",
                            "route.2007348999.vpc_peering_connection_id": "",
                            "tags.%": "1",
                            "tags.Name": "private",
                            "vpc_id": "vpc-dddbc4bb"
                        },
                        "meta": {},
                        "tainted": false
                    },
                    "deposed": [],
                    "provider": ""
                },
                "aws_route_table_association.infra1a": {
                    "type": "aws_route_table_association",
                    "depends_on": [
                        "aws_route_table.pvt",
                        "aws_subnet.infra1a"
                    ],
                    "primary": {
                        "id": "rtbassoc-4e69b035",
                        "attributes": {
                            "id": "rtbassoc-4e69b035",
                            "route_table_id": "rtb-5e878027",
                            "subnet_id": "subnet-e74aa8bd"
                        },
                        "meta": {},
                        "tainted": false
                    },
                    "deposed": [],
                    "provider": ""
                },
                "aws_route_table_association.infra1b": {
                    "type": "aws_route_table_association",
                    "depends_on": [
                        "aws_route_table.pvt",
                        "aws_subnet.infra1b"
                    ],
                    "primary": {
                        "id": "rtbassoc-e777ae9c",
                        "attributes": {
                            "id": "rtbassoc-e777ae9c",
                            "route_table_id": "rtb-5e878027",
                            "subnet_id": "subnet-d8efcabd"
                        },
                        "meta": {},
                        "tainted": false
                    },
                    "deposed": [],
                    "provider": ""
                },
                "aws_route_table_association.infra1c": {
                    "type": "aws_route_table_association",
                    "depends_on": [
                        "aws_route_table.pvt",
                        "aws_subnet.infra1c"
                    ],
                    "primary": {
                        "id": "rtbassoc-e677ae9d",
                        "attributes": {
                            "id": "rtbassoc-e677ae9d",
                            "route_table_id": "rtb-5e878027",
                            "subnet_id": "subnet-2c9c6b00"
                        },
                        "meta": {},
                        "tainted": false
                    },
                    "deposed": [],
                    "provider": ""
                },
                "aws_route_table_association.mgr1a": {
                    "type": "aws_route_table_association",
                    "depends_on": [
                        "aws_route_table.pvt",
                        "aws_subnet.mgr1a"
                    ],
                    "primary": {
                        "id": "rtbassoc-b075accb",
                        "attributes": {
                            "id": "rtbassoc-b075accb",
                            "route_table_id": "rtb-5e878027",
                            "subnet_id": "subnet-1046a44a"
                        },
                        "meta": {},
                        "tainted": false
                    },
                    "deposed": [],
                    "provider": ""
                },
                "aws_route_table_association.mgr1b": {
                    "type": "aws_route_table_association",
                    "depends_on": [
                        "aws_route_table.pvt",
                        "aws_subnet.mgr1b"
                    ],
                    "primary": {
                        "id": "rtbassoc-ec69b097",
                        "attributes": {
                            "id": "rtbassoc-ec69b097",
                            "route_table_id": "rtb-5e878027",
                            "subnet_id": "subnet-5decc938"
                        },
                        "meta": {},
                        "tainted": false
                    },
                    "deposed": [],
                    "provider": ""
                },
                "aws_route_table_association.mgr1c": {
                    "type": "aws_route_table_association",
                    "depends_on": [
                        "aws_route_table.pvt",
                        "aws_subnet.mgr1c"
                    ],
                    "primary": {
                        "id": "rtbassoc-0975ac72",
                        "attributes": {
                            "id": "rtbassoc-0975ac72",
                            "route_table_id": "rtb-5e878027",
                            "subnet_id": "subnet-cf9b6ce3"
                        },
                        "meta": {},
                        "tainted": false
                    },
                    "deposed": [],
                    "provider": ""
                },
                "aws_route_table_association.pub1a": {
                    "type": "aws_route_table_association",
                    "depends_on": [
                        "aws_route_table.pub",
                        "aws_subnet.pub1a"
                    ],
                    "primary": {
                        "id": "rtbassoc-7f6bb204",
                        "attributes": {
                            "id": "rtbassoc-7f6bb204",
                            "route_table_id": "rtb-d68582af",
                            "subnet_id": "subnet-864ba9dc"
                        },
                        "meta": {},
                        "tainted": false
                    },
                    "deposed": [],
                    "provider": ""
                },
                "aws_route_table_association.pub1b": {
                    "type": "aws_route_table_association",
                    "depends_on": [
                        "aws_route_table.pub",
                        "aws_subnet.pub1b"
                    ],
                    "primary": {
                        "id": "rtbassoc-9973aae2",
                        "attributes": {
                            "id": "rtbassoc-9973aae2",
                            "route_table_id": "rtb-d68582af",
                            "subnet_id": "subnet-c4ecc9a1"
                        },
                        "meta": {},
                        "tainted": false
                    },
                    "deposed": [],
                    "provider": ""
                },
                "aws_route_table_association.pub1c": {
                    "type": "aws_route_table_association",
                    "depends_on": [
                        "aws_route_table.pub",
                        "aws_subnet.pub1c"
                    ],
                    "primary": {
                        "id": "rtbassoc-8877aef3",
                        "attributes": {
                            "id": "rtbassoc-8877aef3",
                            "route_table_id": "rtb-d68582af",
                            "subnet_id": "subnet-8a9d6aa6"
                        },
                        "meta": {},
                        "tainted": false
                    },
                    "deposed": [],
                    "provider": ""
                },
                "aws_route_table_association.wrk1a": {
                    "type": "aws_route_table_association",
                    "depends_on": [
                        "aws_route_table.pvt",
                        "aws_subnet.wrk1a"
                    ],
                    "primary": {
                        "id": "rtbassoc-b06bb2cb",
                        "attributes": {
                            "id": "rtbassoc-b06bb2cb",
                            "route_table_id": "rtb-5e878027",
                            "subnet_id": "subnet-e047a5ba"
                        },
                        "meta": {},
                        "tainted": false
                    },
                    "deposed": [],
                    "provider": ""
                },
                "aws_route_table_association.wrk1b": {
                    "type": "aws_route_table_association",
                    "depends_on": [
                        "aws_route_table.pvt",
                        "aws_subnet.wrk1b"
                    ],
                    "primary": {
                        "id": "rtbassoc-bc76afc7",
                        "attributes": {
                            "id": "rtbassoc-bc76afc7",
                            "route_table_id": "rtb-5e878027",
                            "subnet_id": "subnet-86eecbe3"
                        },
                        "meta": {},
                        "tainted": false
                    },
                    "deposed": [],
                    "provider": ""
                },
                "aws_route_table_association.wrk1c": {
                    "type": "aws_route_table_association",
                    "depends_on": [
                        "aws_route_table.pvt",
                        "aws_subnet.wrk1c"
                    ],
                    "primary": {
                        "id": "rtbassoc-686bb213",
                        "attributes": {
                            "id": "rtbassoc-686bb213",
                            "route_table_id": "rtb-5e878027",
                            "subnet_id": "subnet-409f686c"
                        },
                        "meta": {},
                        "tainted": false
                    },
                    "deposed": [],
                    "provider": ""
                },
                "aws_subnet.infra1a": {
                    "type": "aws_subnet",
                    "depends_on": [
                        "aws_vpc.sfiip"
                    ],
                    "primary": {
                        "id": "subnet-e74aa8bd",
                        "attributes": {
                            "assign_ipv6_address_on_creation": "false",
                            "availability_zone": "us-east-1a",
                            "cidr_block": "172.30.10.0/24",
                            "id": "subnet-e74aa8bd",
                            "map_public_ip_on_launch": "false",
                            "tags.%": "1",
                            "tags.Name": "sfiip-infra-1a",
                            "vpc_id": "vpc-dddbc4bb"
                        },
                        "meta": {},
                        "tainted": false
                    },
                    "deposed": [],
                    "provider": ""
                },
                "aws_subnet.infra1b": {
                    "type": "aws_subnet",
                    "depends_on": [
                        "aws_vpc.sfiip"
                    ],
                    "primary": {
                        "id": "subnet-d8efcabd",
                        "attributes": {
                            "assign_ipv6_address_on_creation": "false",
                            "availability_zone": "us-east-1b",
                            "cidr_block": "172.30.11.0/24",
                            "id": "subnet-d8efcabd",
                            "map_public_ip_on_launch": "false",
                            "tags.%": "1",
                            "tags.Name": "sfiip-infra-1b",
                            "vpc_id": "vpc-dddbc4bb"
                        },
                        "meta": {},
                        "tainted": false
                    },
                    "deposed": [],
                    "provider": ""
                },
                "aws_subnet.infra1c": {
                    "type": "aws_subnet",
                    "depends_on": [
                        "aws_vpc.sfiip"
                    ],
                    "primary": {
                        "id": "subnet-2c9c6b00",
                        "attributes": {
                            "assign_ipv6_address_on_creation": "false",
                            "availability_zone": "us-east-1c",
                            "cidr_block": "172.30.12.0/24",
                            "id": "subnet-2c9c6b00",
                            "map_public_ip_on_launch": "false",
                            "tags.%": "1",
                            "tags.Name": "sfiip-infra-1c",
                            "vpc_id": "vpc-dddbc4bb"
                        },
                        "meta": {},
                        "tainted": false
                    },
                    "deposed": [],
                    "provider": ""
                },
                "aws_subnet.mgr1a": {
                    "type": "aws_subnet",
                    "depends_on": [
                        "aws_vpc.sfiip"
                    ],
                    "primary": {
                        "id": "subnet-1046a44a",
                        "attributes": {
                            "assign_ipv6_address_on_creation": "false",
                            "availability_zone": "us-east-1a",
                            "cidr_block": "172.30.20.0/24",
                            "id": "subnet-1046a44a",
                            "map_public_ip_on_launch": "false",
                            "tags.%": "1",
                            "tags.Name": "sfiip-mgr-1a",
                            "vpc_id": "vpc-dddbc4bb"
                        },
                        "meta": {},
                        "tainted": false
                    },
                    "deposed": [],
                    "provider": ""
                },
                "aws_subnet.mgr1b": {
                    "type": "aws_subnet",
                    "depends_on": [
                        "aws_vpc.sfiip"
                    ],
                    "primary": {
                        "id": "subnet-5decc938",
                        "attributes": {
                            "assign_ipv6_address_on_creation": "false",
                            "availability_zone": "us-east-1b",
                            "cidr_block": "172.30.21.0/24",
                            "id": "subnet-5decc938",
                            "map_public_ip_on_launch": "false",
                            "tags.%": "1",
                            "tags.Name": "sfiip-mgr-1b",
                            "vpc_id": "vpc-dddbc4bb"
                        },
                        "meta": {},
                        "tainted": false
                    },
                    "deposed": [],
                    "provider": ""
                },
                "aws_subnet.mgr1c": {
                    "type": "aws_subnet",
                    "depends_on": [
                        "aws_vpc.sfiip"
                    ],
                    "primary": {
                        "id": "subnet-cf9b6ce3",
                        "attributes": {
                            "assign_ipv6_address_on_creation": "false",
                            "availability_zone": "us-east-1c",
                            "cidr_block": "172.30.22.0/24",
                            "id": "subnet-cf9b6ce3",
                            "map_public_ip_on_launch": "false",
                            "tags.%": "1",
                            "tags.Name": "sfiip-mgr-1c",
                            "vpc_id": "vpc-dddbc4bb"
                        },
                        "meta": {},
                        "tainted": false
                    },
                    "deposed": [],
                    "provider": ""
                },
                "aws_subnet.pub1a": {
                    "type": "aws_subnet",
                    "depends_on": [
                        "aws_vpc.sfiip"
                    ],
                    "primary": {
                        "id": "subnet-864ba9dc",
                        "attributes": {
                            "assign_ipv6_address_on_creation": "false",
                            "availability_zone": "us-east-1a",
                            "cidr_block": "172.30.0.0/24",
                            "id": "subnet-864ba9dc",
                            "map_public_ip_on_launch": "false",
                            "tags.%": "1",
                            "tags.Name": "sfiip-pub-1a",
                            "vpc_id": "vpc-dddbc4bb"
                        },
                        "meta": {},
                        "tainted": false
                    },
                    "deposed": [],
                    "provider": ""
                },
                "aws_subnet.pub1b": {
                    "type": "aws_subnet",
                    "depends_on": [
                        "aws_vpc.sfiip"
                    ],
                    "primary": {
                        "id": "subnet-c4ecc9a1",
                        "attributes": {
                            "assign_ipv6_address_on_creation": "false",
                            "availability_zone": "us-east-1b",
                            "cidr_block": "172.30.1.0/24",
                            "id": "subnet-c4ecc9a1",
                            "map_public_ip_on_launch": "false",
                            "tags.%": "1",
                            "tags.Name": "sfiip-pub-1b",
                            "vpc_id": "vpc-dddbc4bb"
                        },
                        "meta": {},
                        "tainted": false
                    },
                    "deposed": [],
                    "provider": ""
                },
                "aws_subnet.pub1c": {
                    "type": "aws_subnet",
                    "depends_on": [
                        "aws_vpc.sfiip"
                    ],
                    "primary": {
                        "id": "subnet-8a9d6aa6",
                        "attributes": {
                            "assign_ipv6_address_on_creation": "false",
                            "availability_zone": "us-east-1c",
                            "cidr_block": "172.30.2.0/24",
                            "id": "subnet-8a9d6aa6",
                            "map_public_ip_on_launch": "false",
                            "tags.%": "1",
                            "tags.Name": "sfiip-pub-1c",
                            "vpc_id": "vpc-dddbc4bb"
                        },
                        "meta": {},
                        "tainted": false
                    },
                    "deposed": [],
                    "provider": ""
                },
                "aws_subnet.wrk1a": {
                    "type": "aws_subnet",
                    "depends_on": [
                        "aws_vpc.sfiip"
                    ],
                    "primary": {
                        "id": "subnet-e047a5ba",
                        "attributes": {
                            "assign_ipv6_address_on_creation": "false",
                            "availability_zone": "us-east-1a",
                            "cidr_block": "172.30.30.0/24",
                            "id": "subnet-e047a5ba",
                            "map_public_ip_on_launch": "false",
                            "tags.%": "1",
                            "tags.Name": "sfiip-wrk-1a",
                            "vpc_id": "vpc-dddbc4bb"
                        },
                        "meta": {},
                        "tainted": false
                    },
                    "deposed": [],
                    "provider": ""
                },
                "aws_subnet.wrk1b": {
                    "type": "aws_subnet",
                    "depends_on": [
                        "aws_vpc.sfiip"
                    ],
                    "primary": {
                        "id": "subnet-86eecbe3",
                        "attributes": {
                            "assign_ipv6_address_on_creation": "false",
                            "availability_zone": "us-east-1b",
                            "cidr_block": "172.30.31.0/24",
                            "id": "subnet-86eecbe3",
                            "map_public_ip_on_launch": "false",
                            "tags.%": "1",
                            "tags.Name": "sfiip-wrk-1b",
                            "vpc_id": "vpc-dddbc4bb"
                        },
                        "meta": {},
                        "tainted": false
                    },
                    "deposed": [],
                    "provider": ""
                },
                "aws_subnet.wrk1c": {
                    "type": "aws_subnet",
                    "depends_on": [
                        "aws_vpc.sfiip"
                    ],
                    "primary": {
                        "id": "subnet-409f686c",
                        "attributes": {
                            "assign_ipv6_address_on_creation": "false",
                            "availability_zone": "us-east-1c",
                            "cidr_block": "172.30.32.0/24",
                            "id": "subnet-409f686c",
                            "map_public_ip_on_launch": "false",
                            "tags.%": "1",
                            "tags.Name": "sfiip-wrk-1c",
                            "vpc_id": "vpc-dddbc4bb"
                        },
                        "meta": {},
                        "tainted": false
                    },
                    "deposed": [],
                    "provider": ""
                },
                "aws_vpc.sfiip": {
                    "type": "aws_vpc",
                    "depends_on": [],
                    "primary": {
                        "id": "vpc-dddbc4bb",
                        "attributes": {
                            "assign_generated_ipv6_cidr_block": "false",
                            "cidr_block": "172.30.0.0/16",
                            "default_network_acl_id": "acl-b417a6cd",
                            "default_route_table_id": "rtb-1687806f",
                            "default_security_group_id": "sg-851b00fa",
                            "dhcp_options_id": "dopt-37f9f950",
                            "enable_classiclink": "false",
                            "enable_dns_hostnames": "false",
                            "enable_dns_support": "true",
                            "id": "vpc-dddbc4bb",
                            "instance_tenancy": "default",
                            "main_route_table_id": "rtb-1687806f",
                            "tags.%": "1",
                            "tags.Name": "sfiip"
                        },
                        "meta": {
                            "schema_version": "1"
                        },
                        "tainted": false
                    },
                    "deposed": [],
                    "provider": ""
                }
            },
            "depends_on": []
        }
    ]
}
