{
    "version": 3,
    "terraform_version": "0.9.2",
    "serial": 15,
    "lineage": "7159fa00-fb46-461b-b3ea-682dce07166a",
    "modules": [
        {
            "path": [
                "root"
            ],
            "outputs": {},
            "resources": {
                "aws_elb.infra": {
                    "type": "aws_elb",
                    "depends_on": [
                        "module.vpc",
                        "module.vpc"
                    ],
                    "primary": {
                        "id": "infra",
                        "attributes": {
                            "access_logs.#": "0",
                            "availability_zones.#": "2",
                            "availability_zones.1305112097": "us-east-1b",
                            "availability_zones.3569565595": "us-east-1a",
                            "connection_draining": "true",
                            "connection_draining_timeout": "400",
                            "cross_zone_load_balancing": "true",
                            "dns_name": "internal-infra-1740732628.us-east-1.elb.amazonaws.com",
                            "health_check.#": "1",
                            "health_check.0.healthy_threshold": "10",
                            "health_check.0.interval": "30",
                            "health_check.0.target": "TCP:8500",
                            "health_check.0.timeout": "5",
                            "health_check.0.unhealthy_threshold": "2",
                            "id": "infra",
                            "idle_timeout": "400",
                            "instances.#": "0",
                            "internal": "true",
                            "listener.#": "4",
                            "listener.1053189378.instance_port": "8500",
                            "listener.1053189378.instance_protocol": "http",
                            "listener.1053189378.lb_port": "8500",
                            "listener.1053189378.lb_protocol": "http",
                            "listener.1053189378.ssl_certificate_id": "",
                            "listener.206307251.instance_port": "8301",
                            "listener.206307251.instance_protocol": "tcp",
                            "listener.206307251.lb_port": "8301",
                            "listener.206307251.lb_protocol": "tcp",
                            "listener.206307251.ssl_certificate_id": "",
                            "listener.342577628.instance_port": "8302",
                            "listener.342577628.instance_protocol": "tcp",
                            "listener.342577628.lb_port": "8302",
                            "listener.342577628.lb_protocol": "tcp",
                            "listener.342577628.ssl_certificate_id": "",
                            "listener.72639894.instance_port": "8300",
                            "listener.72639894.instance_protocol": "tcp",
                            "listener.72639894.lb_port": "8300",
                            "listener.72639894.lb_protocol": "tcp",
                            "listener.72639894.ssl_certificate_id": "",
                            "name": "infra",
                            "security_groups.#": "1",
                            "security_groups.3478625933": "sg-69b08116",
                            "source_security_group": "814258403605/default",
                            "source_security_group_id": "sg-69b08116",
                            "subnets.#": "2",
                            "subnets.1392723690": "subnet-ac0beef6",
                            "subnets.581447794": "subnet-bedb85db",
                            "tags.%": "1",
                            "tags.Name": "sfiip-infra-elb",
                            "zone_id": "Z35SXDOTRQ7X7K"
                        },
                        "meta": {},
                        "tainted": false
                    },
                    "deposed": [],
                    "provider": ""
                },
                "aws_opsworks_custom_layer.infra": {
                    "type": "aws_opsworks_custom_layer",
                    "depends_on": [
                        "aws_elb.infra",
                        "aws_opsworks_stack.dev",
                        "module.vpc"
                    ],
                    "primary": {
                        "id": "46634db2-bc96-41bd-bf3f-b218917e1dbc",
                        "attributes": {
                            "auto_assign_elastic_ips": "false",
                            "auto_assign_public_ips": "false",
                            "auto_healing": "true",
                            "custom_configure_recipes.#": "2",
                            "custom_configure_recipes.0": "docker_ps::default",
                            "custom_configure_recipes.1": "consul_ps::server",
                            "custom_deploy_recipes.#": "0",
                            "custom_instance_profile_arn": "",
                            "custom_json": "{\"consul\":{\"config\":{\"bootstrap_expect\":3,\"datacenter\":\"us-east-1\",\"ports\":{\"dns\":53},\"recursors\":[\"8.8.8.8\",\"8.8.4.4\"],\"retry_join\":[\"infra1\"],\"server\":true},\"version\":\"0.8.0\"},\"hashicorp-vault\":{\"config\":{\"backend_options\":{\"address\":\"127.0.0.1:8500\"},\"backend_type\":\"consul\",\"tls_disable\":1}}}",
                            "custom_security_group_ids.#": "1",
                            "custom_security_group_ids.3478625933": "sg-69b08116",
                            "custom_setup_recipes.#": "0",
                            "custom_shutdown_recipes.#": "0",
                            "custom_undeploy_recipes.#": "0",
                            "drain_elb_on_shutdown": "true",
                            "ebs_volume.#": "0",
                            "elastic_load_balancer": "infra",
                            "id": "46634db2-bc96-41bd-bf3f-b218917e1dbc",
                            "install_updates_on_boot": "true",
                            "instance_shutdown_timeout": "120",
                            "name": "infrastructure",
                            "short_name": "infra",
                            "stack_id": "4b104972-4111-4f5f-b926-b3c402013575",
                            "system_packages.#": "0",
                            "use_ebs_optimized_instances": "false"
                        },
                        "meta": {},
                        "tainted": false
                    },
                    "deposed": [],
                    "provider": ""
                },
                "aws_opsworks_custom_layer.pub": {
                    "type": "aws_opsworks_custom_layer",
                    "depends_on": [
                        "aws_elb.infra",
                        "aws_opsworks_stack.dev",
                        "module.vpc"
                    ],
                    "primary": {
                        "id": "94fac412-7127-4b06-aab9-ca49a3b1244b",
                        "attributes": {
                            "auto_assign_elastic_ips": "false",
                            "auto_assign_public_ips": "true",
                            "auto_healing": "true",
                            "custom_configure_recipes.#": "0",
                            "custom_deploy_recipes.#": "0",
                            "custom_instance_profile_arn": "",
                            "custom_json": "{\"consul\":{\"config\":{\"datacenter\":\"us-east-1\",\"ports\":{\"dns\":53},\"recursors\":[\"8.8.8.8\",\"8.8.4.4\"],\"retry_join\":[\"internal-infra-1740732628.us-east-1.elb.amazonaws.com\"],\"ui\":true},\"version\":\"0.8.0\"}}",
                            "custom_security_group_ids.#": "1",
                            "custom_security_group_ids.3478625933": "sg-69b08116",
                            "custom_setup_recipes.#": "1",
                            "custom_setup_recipes.0": "consul_ps::client",
                            "custom_shutdown_recipes.#": "0",
                            "custom_undeploy_recipes.#": "0",
                            "drain_elb_on_shutdown": "true",
                            "ebs_volume.#": "0",
                            "elastic_load_balancer": "",
                            "id": "94fac412-7127-4b06-aab9-ca49a3b1244b",
                            "install_updates_on_boot": "true",
                            "instance_shutdown_timeout": "120",
                            "name": "public",
                            "short_name": "pub",
                            "stack_id": "4b104972-4111-4f5f-b926-b3c402013575",
                            "system_packages.#": "0",
                            "use_ebs_optimized_instances": "false"
                        },
                        "meta": {},
                        "tainted": false
                    },
                    "deposed": [],
                    "provider": ""
                },
                "aws_opsworks_custom_layer.wrk": {
                    "type": "aws_opsworks_custom_layer",
                    "depends_on": [
                        "aws_elb.infra",
                        "aws_opsworks_stack.dev",
                        "module.vpc"
                    ],
                    "primary": {
                        "id": "0b474e7b-82d4-4096-a428-d44d7b61d346",
                        "attributes": {
                            "auto_assign_elastic_ips": "false",
                            "auto_assign_public_ips": "false",
                            "auto_healing": "true",
                            "custom_configure_recipes.#": "4",
                            "custom_configure_recipes.0": "docker_ps::default",
                            "custom_configure_recipes.1": "consul_ps::client",
                            "custom_configure_recipes.2": "docker_ps::registrator",
                            "custom_configure_recipes.3": "docker_ps::swarm_join",
                            "custom_deploy_recipes.#": "0",
                            "custom_instance_profile_arn": "",
                            "custom_json": "{\"aws_ps\":{\"ecr_helper\":{\"registry\":\"814258403605.dkr.ecr.us-east-1.amazonaws.com\"}},\"consul\":{\"config\":{\"datacenter\":\"us-east-1\",\"ports\":{\"dns\":53},\"recursors\":[\"8.8.8.8\",\"8.8.4.4\"],\"retry_join\":[\"internal-infra-1740732628.us-east-1.elb.amazonaws.com\"]},\"version\":\"0.8.0\"},\"docker_ps\":{\"docker\":{\"dns\":\"172.17.0.1\"},\"registrator\":{\"command\":\"-internal -cleanup consul://127.0.0.1:8500\"},\"swarm\":{\"leader\":\"mgr1\"}}}",
                            "custom_security_group_ids.#": "1",
                            "custom_security_group_ids.3478625933": "sg-69b08116",
                            "custom_setup_recipes.#": "0",
                            "custom_shutdown_recipes.#": "1",
                            "custom_shutdown_recipes.0": "docker_ps::swarm_leave",
                            "custom_undeploy_recipes.#": "0",
                            "drain_elb_on_shutdown": "true",
                            "ebs_volume.#": "0",
                            "elastic_load_balancer": "",
                            "id": "0b474e7b-82d4-4096-a428-d44d7b61d346",
                            "install_updates_on_boot": "true",
                            "instance_shutdown_timeout": "120",
                            "name": "worker",
                            "short_name": "wrk",
                            "stack_id": "4b104972-4111-4f5f-b926-b3c402013575",
                            "system_packages.#": "0",
                            "use_ebs_optimized_instances": "false"
                        },
                        "meta": {},
                        "tainted": false
                    },
                    "deposed": [],
                    "provider": ""
                },
                "aws_opsworks_instance.infra1": {
                    "type": "aws_opsworks_instance",
                    "depends_on": [
                        "aws_opsworks_custom_layer.infra",
                        "aws_opsworks_stack.dev",
                        "module.vpc"
                    ],
                    "primary": {
                        "id": "c2c99844-145c-4fda-abfc-7c66edba255d",
                        "attributes": {
                            "agent_version": "INHERIT",
                            "ami_id": "ami-5def554b",
                            "architecture": "x86_64",
                            "auto_scaling_type": "",
                            "availability_zone": "us-east-1a",
                            "created_at": "2017-04-21T13:49:05+00:00",
                            "delete_ebs": "true",
                            "delete_eip": "true",
                            "ebs_block_device.#": "0",
                            "ebs_optimized": "false",
                            "ec2_instance_id": "",
                            "ecs_cluster_arn": "",
                            "elastic_ip": "",
                            "ephemeral_block_device.#": "0",
                            "hostname": "infra1",
                            "id": "c2c99844-145c-4fda-abfc-7c66edba255d",
                            "infrastructure_class": "ec2",
                            "install_updates_on_boot": "true",
                            "instance_profile_arn": "",
                            "instance_type": "t2.micro",
                            "last_service_error_id": "",
                            "layer_ids.#": "1",
                            "layer_ids.0": "46634db2-bc96-41bd-bf3f-b218917e1dbc",
                            "os": "Ubuntu 16.04 LTS",
                            "platform": "linux",
                            "private_dns": "",
                            "private_ip": "",
                            "public_dns": "",
                            "public_ip": "",
                            "registered_by": "",
                            "reported_agent_version": "",
                            "reported_os_family": "",
                            "reported_os_name": "",
                            "reported_os_version": "",
                            "root_block_device.#": "0",
                            "root_device_type": "ebs",
                            "root_device_volume_id": "",
                            "security_group_ids.#": "0",
                            "ssh_host_dsa_key_fingerprint": "",
                            "ssh_host_rsa_key_fingerprint": "",
                            "ssh_key_name": "",
                            "stack_id": "4b104972-4111-4f5f-b926-b3c402013575",
                            "status": "stopped",
                            "subnet_id": "subnet-ac0beef6",
                            "tenancy": "default",
                            "virtualization_type": "hvm"
                        },
                        "meta": {},
                        "tainted": false
                    },
                    "deposed": [],
                    "provider": ""
                },
                "aws_opsworks_instance.infra2": {
                    "type": "aws_opsworks_instance",
                    "depends_on": [
                        "aws_opsworks_custom_layer.infra",
                        "aws_opsworks_stack.dev",
                        "module.vpc"
                    ],
                    "primary": {
                        "id": "906ed93c-41df-4dfe-b6c5-2492ed31bc67",
                        "attributes": {
                            "agent_version": "INHERIT",
                            "ami_id": "ami-5def554b",
                            "architecture": "x86_64",
                            "auto_scaling_type": "",
                            "availability_zone": "us-east-1b",
                            "created_at": "2017-04-21T13:49:05+00:00",
                            "delete_ebs": "true",
                            "delete_eip": "true",
                            "ebs_block_device.#": "0",
                            "ebs_optimized": "false",
                            "ec2_instance_id": "",
                            "ecs_cluster_arn": "",
                            "elastic_ip": "",
                            "ephemeral_block_device.#": "0",
                            "hostname": "infra2",
                            "id": "906ed93c-41df-4dfe-b6c5-2492ed31bc67",
                            "infrastructure_class": "ec2",
                            "install_updates_on_boot": "true",
                            "instance_profile_arn": "",
                            "instance_type": "t2.micro",
                            "last_service_error_id": "",
                            "layer_ids.#": "1",
                            "layer_ids.0": "46634db2-bc96-41bd-bf3f-b218917e1dbc",
                            "os": "Ubuntu 16.04 LTS",
                            "platform": "linux",
                            "private_dns": "",
                            "private_ip": "",
                            "public_dns": "",
                            "public_ip": "",
                            "registered_by": "",
                            "reported_agent_version": "",
                            "reported_os_family": "",
                            "reported_os_name": "",
                            "reported_os_version": "",
                            "root_block_device.#": "0",
                            "root_device_type": "ebs",
                            "root_device_volume_id": "",
                            "security_group_ids.#": "0",
                            "ssh_host_dsa_key_fingerprint": "",
                            "ssh_host_rsa_key_fingerprint": "",
                            "ssh_key_name": "",
                            "stack_id": "4b104972-4111-4f5f-b926-b3c402013575",
                            "status": "stopped",
                            "subnet_id": "subnet-bedb85db",
                            "tenancy": "default",
                            "virtualization_type": "hvm"
                        },
                        "meta": {},
                        "tainted": false
                    },
                    "deposed": [],
                    "provider": ""
                },
                "aws_opsworks_instance.infra3": {
                    "type": "aws_opsworks_instance",
                    "depends_on": [
                        "aws_opsworks_custom_layer.infra",
                        "aws_opsworks_stack.dev",
                        "module.vpc"
                    ],
                    "primary": {
                        "id": "af960f3c-957a-44ac-9bf0-dbc5840a0ecd",
                        "attributes": {
                            "agent_version": "INHERIT",
                            "ami_id": "ami-5def554b",
                            "architecture": "x86_64",
                            "auto_scaling_type": "",
                            "availability_zone": "us-east-1c",
                            "created_at": "2017-04-21T13:49:05+00:00",
                            "delete_ebs": "true",
                            "delete_eip": "true",
                            "ebs_block_device.#": "0",
                            "ebs_optimized": "false",
                            "ec2_instance_id": "",
                            "ecs_cluster_arn": "",
                            "elastic_ip": "",
                            "ephemeral_block_device.#": "0",
                            "hostname": "infra3",
                            "id": "af960f3c-957a-44ac-9bf0-dbc5840a0ecd",
                            "infrastructure_class": "ec2",
                            "install_updates_on_boot": "true",
                            "instance_profile_arn": "",
                            "instance_type": "t2.micro",
                            "last_service_error_id": "",
                            "layer_ids.#": "1",
                            "layer_ids.0": "46634db2-bc96-41bd-bf3f-b218917e1dbc",
                            "os": "Ubuntu 16.04 LTS",
                            "platform": "linux",
                            "private_dns": "",
                            "private_ip": "",
                            "public_dns": "",
                            "public_ip": "",
                            "registered_by": "",
                            "reported_agent_version": "",
                            "reported_os_family": "",
                            "reported_os_name": "",
                            "reported_os_version": "",
                            "root_block_device.#": "0",
                            "root_device_type": "ebs",
                            "root_device_volume_id": "",
                            "security_group_ids.#": "0",
                            "ssh_host_dsa_key_fingerprint": "",
                            "ssh_host_rsa_key_fingerprint": "",
                            "ssh_key_name": "",
                            "stack_id": "4b104972-4111-4f5f-b926-b3c402013575",
                            "status": "stopped",
                            "subnet_id": "subnet-a6ac428a",
                            "tenancy": "default",
                            "virtualization_type": "hvm"
                        },
                        "meta": {},
                        "tainted": false
                    },
                    "deposed": [],
                    "provider": ""
                },
                "aws_opsworks_instance.pub1": {
                    "type": "aws_opsworks_instance",
                    "depends_on": [
                        "aws_opsworks_custom_layer.pub",
                        "aws_opsworks_stack.dev",
                        "module.vpc"
                    ],
                    "primary": {
                        "id": "2973c3d2-dbab-4d31-825e-4d43f4c44b03",
                        "attributes": {
                            "agent_version": "INHERIT",
                            "ami_id": "ami-5def554b",
                            "architecture": "x86_64",
                            "auto_scaling_type": "",
                            "availability_zone": "us-east-1a",
                            "created_at": "2017-04-21T13:49:04+00:00",
                            "delete_ebs": "true",
                            "delete_eip": "true",
                            "ebs_block_device.#": "0",
                            "ebs_optimized": "false",
                            "ec2_instance_id": "",
                            "ecs_cluster_arn": "",
                            "elastic_ip": "",
                            "ephemeral_block_device.#": "0",
                            "hostname": "pub1",
                            "id": "2973c3d2-dbab-4d31-825e-4d43f4c44b03",
                            "infrastructure_class": "ec2",
                            "install_updates_on_boot": "true",
                            "instance_profile_arn": "",
                            "instance_type": "t2.micro",
                            "last_service_error_id": "",
                            "layer_ids.#": "1",
                            "layer_ids.0": "94fac412-7127-4b06-aab9-ca49a3b1244b",
                            "os": "Ubuntu 16.04 LTS",
                            "platform": "linux",
                            "private_dns": "",
                            "private_ip": "",
                            "public_dns": "",
                            "public_ip": "",
                            "registered_by": "",
                            "reported_agent_version": "",
                            "reported_os_family": "",
                            "reported_os_name": "",
                            "reported_os_version": "",
                            "root_block_device.#": "0",
                            "root_device_type": "ebs",
                            "root_device_volume_id": "",
                            "security_group_ids.#": "0",
                            "ssh_host_dsa_key_fingerprint": "",
                            "ssh_host_rsa_key_fingerprint": "",
                            "ssh_key_name": "",
                            "stack_id": "4b104972-4111-4f5f-b926-b3c402013575",
                            "status": "stopped",
                            "subnet_id": "subnet-8115f0db",
                            "tenancy": "default",
                            "virtualization_type": "hvm"
                        },
                        "meta": {},
                        "tainted": false
                    },
                    "deposed": [],
                    "provider": ""
                },
                "aws_opsworks_instance.wrk1": {
                    "type": "aws_opsworks_instance",
                    "depends_on": [
                        "aws_opsworks_custom_layer.wrk",
                        "aws_opsworks_stack.dev",
                        "module.vpc"
                    ],
                    "primary": {
                        "id": "aab3e320-d689-49f4-b386-5d1844562ff3",
                        "attributes": {
                            "agent_version": "INHERIT",
                            "ami_id": "ami-5def554b",
                            "architecture": "x86_64",
                            "auto_scaling_type": "",
                            "availability_zone": "us-east-1a",
                            "created_at": "2017-04-21T13:49:04+00:00",
                            "delete_ebs": "true",
                            "delete_eip": "true",
                            "ebs_block_device.#": "0",
                            "ebs_optimized": "false",
                            "ec2_instance_id": "",
                            "ecs_cluster_arn": "",
                            "elastic_ip": "",
                            "ephemeral_block_device.#": "0",
                            "hostname": "wrk1",
                            "id": "aab3e320-d689-49f4-b386-5d1844562ff3",
                            "infrastructure_class": "ec2",
                            "install_updates_on_boot": "true",
                            "instance_profile_arn": "",
                            "instance_type": "t2.micro",
                            "last_service_error_id": "",
                            "layer_ids.#": "1",
                            "layer_ids.0": "0b474e7b-82d4-4096-a428-d44d7b61d346",
                            "os": "Ubuntu 16.04 LTS",
                            "platform": "linux",
                            "private_dns": "",
                            "private_ip": "",
                            "public_dns": "",
                            "public_ip": "",
                            "registered_by": "",
                            "reported_agent_version": "",
                            "reported_os_family": "",
                            "reported_os_name": "",
                            "reported_os_version": "",
                            "root_block_device.#": "0",
                            "root_device_type": "ebs",
                            "root_device_volume_id": "",
                            "security_group_ids.#": "0",
                            "ssh_host_dsa_key_fingerprint": "",
                            "ssh_host_rsa_key_fingerprint": "",
                            "ssh_key_name": "",
                            "stack_id": "4b104972-4111-4f5f-b926-b3c402013575",
                            "status": "stopped",
                            "subnet_id": "subnet-e30aefb9",
                            "tenancy": "default",
                            "virtualization_type": "hvm"
                        },
                        "meta": {},
                        "tainted": false
                    },
                    "deposed": [],
                    "provider": ""
                },
                "aws_opsworks_instance.wrk2": {
                    "type": "aws_opsworks_instance",
                    "depends_on": [
                        "aws_opsworks_custom_layer.wrk",
                        "aws_opsworks_stack.dev",
                        "module.vpc"
                    ],
                    "primary": {
                        "id": "f95ac7df-5622-476e-873f-2c03454d34aa",
                        "attributes": {
                            "agent_version": "INHERIT",
                            "ami_id": "ami-5def554b",
                            "architecture": "x86_64",
                            "auto_scaling_type": "",
                            "availability_zone": "us-east-1b",
                            "created_at": "2017-04-21T13:49:04+00:00",
                            "delete_ebs": "true",
                            "delete_eip": "true",
                            "ebs_block_device.#": "0",
                            "ebs_optimized": "false",
                            "ec2_instance_id": "",
                            "ecs_cluster_arn": "",
                            "elastic_ip": "",
                            "ephemeral_block_device.#": "0",
                            "hostname": "wrk2",
                            "id": "f95ac7df-5622-476e-873f-2c03454d34aa",
                            "infrastructure_class": "ec2",
                            "install_updates_on_boot": "true",
                            "instance_profile_arn": "",
                            "instance_type": "t2.micro",
                            "last_service_error_id": "",
                            "layer_ids.#": "1",
                            "layer_ids.0": "0b474e7b-82d4-4096-a428-d44d7b61d346",
                            "os": "Ubuntu 16.04 LTS",
                            "platform": "linux",
                            "private_dns": "",
                            "private_ip": "",
                            "public_dns": "",
                            "public_ip": "",
                            "registered_by": "",
                            "reported_agent_version": "",
                            "reported_os_family": "",
                            "reported_os_name": "",
                            "reported_os_version": "",
                            "root_block_device.#": "0",
                            "root_device_type": "ebs",
                            "root_device_volume_id": "",
                            "security_group_ids.#": "0",
                            "ssh_host_dsa_key_fingerprint": "",
                            "ssh_host_rsa_key_fingerprint": "",
                            "ssh_key_name": "",
                            "stack_id": "4b104972-4111-4f5f-b926-b3c402013575",
                            "status": "stopped",
                            "subnet_id": "subnet-2bd9874e",
                            "tenancy": "default",
                            "virtualization_type": "hvm"
                        },
                        "meta": {},
                        "tainted": false
                    },
                    "deposed": [],
                    "provider": ""
                },
                "aws_opsworks_instance.wrk3": {
                    "type": "aws_opsworks_instance",
                    "depends_on": [
                        "aws_opsworks_custom_layer.wrk",
                        "aws_opsworks_stack.dev",
                        "module.vpc"
                    ],
                    "primary": {
                        "id": "ef6b7c6a-8a80-4bea-bee4-eb15ce264f9a",
                        "attributes": {
                            "agent_version": "INHERIT",
                            "ami_id": "ami-5def554b",
                            "architecture": "x86_64",
                            "auto_scaling_type": "",
                            "availability_zone": "us-east-1c",
                            "created_at": "2017-04-21T13:49:04+00:00",
                            "delete_ebs": "true",
                            "delete_eip": "true",
                            "ebs_block_device.#": "0",
                            "ebs_optimized": "false",
                            "ec2_instance_id": "",
                            "ecs_cluster_arn": "",
                            "elastic_ip": "",
                            "ephemeral_block_device.#": "0",
                            "hostname": "wrk3",
                            "id": "ef6b7c6a-8a80-4bea-bee4-eb15ce264f9a",
                            "infrastructure_class": "ec2",
                            "install_updates_on_boot": "true",
                            "instance_profile_arn": "",
                            "instance_type": "t2.micro",
                            "last_service_error_id": "",
                            "layer_ids.#": "1",
                            "layer_ids.0": "0b474e7b-82d4-4096-a428-d44d7b61d346",
                            "os": "Ubuntu 16.04 LTS",
                            "platform": "linux",
                            "private_dns": "",
                            "private_ip": "",
                            "public_dns": "",
                            "public_ip": "",
                            "registered_by": "",
                            "reported_agent_version": "",
                            "reported_os_family": "",
                            "reported_os_name": "",
                            "reported_os_version": "",
                            "root_block_device.#": "0",
                            "root_device_type": "ebs",
                            "root_device_volume_id": "",
                            "security_group_ids.#": "0",
                            "ssh_host_dsa_key_fingerprint": "",
                            "ssh_host_rsa_key_fingerprint": "",
                            "ssh_key_name": "",
                            "stack_id": "4b104972-4111-4f5f-b926-b3c402013575",
                            "status": "stopped",
                            "subnet_id": "subnet-02ac422e",
                            "tenancy": "default",
                            "virtualization_type": "hvm"
                        },
                        "meta": {},
                        "tainted": false
                    },
                    "deposed": [],
                    "provider": ""
                },
                "aws_opsworks_stack.dev": {
                    "type": "aws_opsworks_stack",
                    "depends_on": [
                        "module.roles",
                        "module.roles",
                        "module.roles",
                        "module.vpc",
                        "module.vpc",
                        "module.vpc"
                    ],
                    "primary": {
                        "id": "4b104972-4111-4f5f-b926-b3c402013575",
                        "attributes": {
                            "agent_version": "LATEST",
                            "berkshelf_version": "3.2.0",
                            "color": "rgb(57, 131, 94)",
                            "configuration_manager_name": "Chef",
                            "configuration_manager_version": "12",
                            "custom_cookbooks_source.#": "1",
                            "custom_cookbooks_source.0.password": "",
                            "custom_cookbooks_source.0.revision": "",
                            "custom_cookbooks_source.0.ssh_key": "",
                            "custom_cookbooks_source.0.type": "s3",
                            "custom_cookbooks_source.0.url": "https://s3.amazonaws.com/ps-cookbooks/cookbooks.tar.gz",
                            "custom_cookbooks_source.0.username": "",
                            "default_availability_zone": "us-east-1a",
                            "default_instance_profile_arn": "arn:aws:iam::814258403605:instance-profile/sfiip-ec2",
                            "default_os": "Ubuntu 16.04 LTS",
                            "default_root_device_type": "instance-store",
                            "default_ssh_key_name": "",
                            "default_subnet_id": "subnet-e30aefb9",
                            "hostname_theme": "Layer_Dependent",
                            "id": "4b104972-4111-4f5f-b926-b3c402013575",
                            "manage_berkshelf": "true",
                            "name": "dev",
                            "region": "us-east-1",
                            "service_role_arn": "arn:aws:iam::814258403605:role/sfiip-opsworks",
                            "stack_endpoint": "us-east-1",
                            "use_custom_cookbooks": "true",
                            "use_opsworks_security_groups": "false",
                            "vpc_id": "vpc-d16470b7"
                        },
                        "meta": {},
                        "tainted": false
                    },
                    "deposed": [],
                    "provider": ""
                }
            },
            "depends_on": []
        },
        {
            "path": [
                "root",
                "roles"
            ],
            "outputs": {
                "instance_profile_arn": {
                    "sensitive": false,
                    "type": "string",
                    "value": "arn:aws:iam::814258403605:instance-profile/sfiip-ec2"
                },
                "service_role_arn": {
                    "sensitive": false,
                    "type": "string",
                    "value": "arn:aws:iam::814258403605:role/sfiip-opsworks"
                }
            },
            "resources": {
                "aws_iam_instance_profile.sfiip_ec2": {
                    "type": "aws_iam_instance_profile",
                    "depends_on": [
                        "aws_iam_role.sfiip_ec2"
                    ],
                    "primary": {
                        "id": "sfiip-ec2",
                        "attributes": {
                            "arn": "arn:aws:iam::814258403605:instance-profile/sfiip-ec2",
                            "id": "sfiip-ec2",
                            "name": "sfiip-ec2",
                            "path": "/",
                            "roles.#": "1",
                            "roles.1810358821": "sfiip-ec2",
                            "unique_id": "AIPAI2ACBAKA7G4XS7XXE"
                        },
                        "meta": {},
                        "tainted": false
                    },
                    "deposed": [],
                    "provider": ""
                },
                "aws_iam_policy_attachment.ecr_read": {
                    "type": "aws_iam_policy_attachment",
                    "depends_on": [
                        "aws_iam_role.sfiip_ec2"
                    ],
                    "primary": {
                        "id": "ecr-read-attachment",
                        "attributes": {
                            "groups.#": "0",
                            "id": "ecr-read-attachment",
                            "name": "ecr-read-attachment",
                            "policy_arn": "arn:aws:iam::aws:policy/AmazonEC2ContainerRegistryFullAccess",
                            "roles.#": "1",
                            "roles.1810358821": "sfiip-ec2",
                            "users.#": "0"
                        },
                        "meta": {},
                        "tainted": false
                    },
                    "deposed": [],
                    "provider": ""
                },
                "aws_iam_policy_attachment.s3_read": {
                    "type": "aws_iam_policy_attachment",
                    "depends_on": [
                        "aws_iam_role.sfiip_ec2"
                    ],
                    "primary": {
                        "id": "s3-read-attachment",
                        "attributes": {
                            "groups.#": "0",
                            "id": "s3-read-attachment",
                            "name": "s3-read-attachment",
                            "policy_arn": "arn:aws:iam::aws:policy/AmazonS3ReadOnlyAccess",
                            "roles.#": "1",
                            "roles.1810358821": "sfiip-ec2",
                            "users.#": "0"
                        },
                        "meta": {},
                        "tainted": false
                    },
                    "deposed": [],
                    "provider": ""
                },
                "aws_iam_role.sfiip_ec2": {
                    "type": "aws_iam_role",
                    "depends_on": [],
                    "primary": {
                        "id": "sfiip-ec2",
                        "attributes": {
                            "arn": "arn:aws:iam::814258403605:role/sfiip-ec2",
                            "assume_role_policy": "{\n  \"Version\": \"2012-10-17\",\n  \"Statement\": [\n    {\n      \"Action\": \"sts:AssumeRole\",\n      \"Principal\": {\n        \"Service\": \"ec2.amazonaws.com\"\n      },\n      \"Effect\": \"Allow\",\n      \"Sid\": \"\"\n    }\n  ]\n}\n",
                            "create_date": "2017-04-21T13:47:10Z",
                            "id": "sfiip-ec2",
                            "name": "sfiip-ec2",
                            "path": "/",
                            "unique_id": "AROAJVXTBAUEZMTJE54WK"
                        },
                        "meta": {},
                        "tainted": false
                    },
                    "deposed": [],
                    "provider": ""
                },
                "aws_iam_role.sfiip_opsworks": {
                    "type": "aws_iam_role",
                    "depends_on": [],
                    "primary": {
                        "id": "sfiip-opsworks",
                        "attributes": {
                            "arn": "arn:aws:iam::814258403605:role/sfiip-opsworks",
                            "assume_role_policy": "{\n  \"Version\": \"2012-10-17\",\n  \"Statement\": [\n    {\n      \"Effect\": \"Allow\",\n      \"Principal\": {\n        \"Service\": \"opsworks.amazonaws.com\"\n      },\n      \"Action\": \"sts:AssumeRole\"\n    }\n  ]\n}\n",
                            "create_date": "2017-04-21T13:47:10Z",
                            "id": "sfiip-opsworks",
                            "name": "sfiip-opsworks",
                            "path": "/",
                            "unique_id": "AROAIU2IK7VDESOFEN6CA"
                        },
                        "meta": {},
                        "tainted": false
                    },
                    "deposed": [],
                    "provider": ""
                },
                "aws_iam_role_policy.sfiip_opsworks": {
                    "type": "aws_iam_role_policy",
                    "depends_on": [
                        "aws_iam_role.sfiip_opsworks"
                    ],
                    "primary": {
                        "id": "sfiip-opsworks:sfiip-opsworks",
                        "attributes": {
                            "id": "sfiip-opsworks:sfiip-opsworks",
                            "name": "sfiip-opsworks",
                            "policy": "{\n    \"Version\": \"2012-10-17\",\n    \"Statement\": [{\n        \"Effect\": \"Allow\",\n        \"Action\": [\n            \"cloudwatch:GetMetricStatistics\",\n            \"cloudwatch:DescribeAlarms\",\n             \"ec2:*\",\n             \"ecs:*\",\n             \"elasticloadbalancing:*\",\n             \"iam:GetRolePolicy\",\n             \"iam:ListInstanceProfiles\",\n             \"iam:ListRoles\",\n             \"iam:ListUsers\",\n             \"iam:PassRole\",\n             \"opsworks:*\",\n             \"rds:*\"\n        ],\n        \"Resource\": [\"*\"]\n    }]\n}\n",
                            "role": "sfiip-opsworks"
                        },
                        "meta": {},
                        "tainted": false
                    },
                    "deposed": [],
                    "provider": ""
                }
            },
            "depends_on": []
        },
        {
            "path": [
                "root",
                "vpc"
            ],
            "outputs": {
                "infra1a_subnet_id": {
                    "sensitive": false,
                    "type": "string",
                    "value": "subnet-ac0beef6"
                },
                "infra1b_subnet_id": {
                    "sensitive": false,
                    "type": "string",
                    "value": "subnet-bedb85db"
                },
                "infra1c_subnet_id": {
                    "sensitive": false,
                    "type": "string",
                    "value": "subnet-a6ac428a"
                },
                "mgr1a_subnet_id": {
                    "sensitive": false,
                    "type": "string",
                    "value": "subnet-4716f31d"
                },
                "mgr1b_subnet_id": {
                    "sensitive": false,
                    "type": "string",
                    "value": "subnet-37d48a52"
                },
                "mgr1c_subnet_id": {
                    "sensitive": false,
                    "type": "string",
                    "value": "subnet-14a64838"
                },
                "pub1a_subnet_id": {
                    "sensitive": false,
                    "type": "string",
                    "value": "subnet-8115f0db"
                },
                "pub1b_subnet_id": {
                    "sensitive": false,
                    "type": "string",
                    "value": "subnet-24d88641"
                },
                "pub1c_subnet_id": {
                    "sensitive": false,
                    "type": "string",
                    "value": "subnet-ccaa44e0"
                },
                "vpc_default_security_group_id": {
                    "sensitive": false,
                    "type": "string",
                    "value": "sg-69b08116"
                },
                "vpc_id": {
                    "sensitive": false,
                    "type": "string",
                    "value": "vpc-d16470b7"
                },
                "wrk1a_subnet_id": {
                    "sensitive": false,
                    "type": "string",
                    "value": "subnet-e30aefb9"
                },
                "wrk1b_subnet_id": {
                    "sensitive": false,
                    "type": "string",
                    "value": "subnet-2bd9874e"
                },
                "wrk1c_subnet_id": {
                    "sensitive": false,
                    "type": "string",
                    "value": "subnet-02ac422e"
                }
            },
            "resources": {
                "aws_default_security_group.default": {
                    "type": "aws_default_security_group",
                    "depends_on": [
                        "aws_vpc.sfiip"
                    ],
                    "primary": {
                        "id": "sg-69b08116",
                        "attributes": {
                            "egress.#": "1",
                            "egress.482069346.cidr_blocks.#": "1",
                            "egress.482069346.cidr_blocks.0": "0.0.0.0/0",
                            "egress.482069346.from_port": "0",
                            "egress.482069346.ipv6_cidr_blocks.#": "0",
                            "egress.482069346.prefix_list_ids.#": "0",
                            "egress.482069346.protocol": "-1",
                            "egress.482069346.security_groups.#": "0",
                            "egress.482069346.self": "false",
                            "egress.482069346.to_port": "0",
                            "id": "sg-69b08116",
                            "ingress.#": "1",
                            "ingress.482069346.cidr_blocks.#": "1",
                            "ingress.482069346.cidr_blocks.0": "0.0.0.0/0",
                            "ingress.482069346.from_port": "0",
                            "ingress.482069346.ipv6_cidr_blocks.#": "0",
                            "ingress.482069346.protocol": "-1",
                            "ingress.482069346.security_groups.#": "0",
                            "ingress.482069346.self": "false",
                            "ingress.482069346.to_port": "0",
                            "name": "default",
                            "owner_id": "814258403605",
                            "tags.%": "0",
                            "vpc_id": "vpc-d16470b7"
                        },
                        "meta": {},
                        "tainted": false
                    },
                    "deposed": [],
                    "provider": ""
                },
                "aws_eip.nat1a": {
                    "type": "aws_eip",
                    "depends_on": [],
                    "primary": {
                        "id": "eipalloc-c5c29bf4",
                        "attributes": {
                            "association_id": "",
                            "domain": "vpc",
                            "id": "eipalloc-c5c29bf4",
                            "instance": "",
                            "network_interface": "",
                            "private_ip": "",
                            "public_ip": "34.203.61.182",
                            "vpc": "true"
                        },
                        "meta": {},
                        "tainted": false
                    },
                    "deposed": [],
                    "provider": ""
                },
                "aws_internet_gateway.sfiip": {
                    "type": "aws_internet_gateway",
                    "depends_on": [
                        "aws_vpc.sfiip"
                    ],
                    "primary": {
                        "id": "igw-b5529fd3",
                        "attributes": {
                            "id": "igw-b5529fd3",
                            "tags.%": "1",
                            "tags.Name": "sfiip-igw",
                            "vpc_id": "vpc-d16470b7"
                        },
                        "meta": {},
                        "tainted": false
                    },
                    "deposed": [],
                    "provider": ""
                },
                "aws_nat_gateway.natgw1a": {
                    "type": "aws_nat_gateway",
                    "depends_on": [
                        "aws_eip.nat1a",
                        "aws_subnet.pub1a"
                    ],
                    "primary": {
                        "id": "nat-0c2e0a1c4ba8b8496",
                        "attributes": {
                            "allocation_id": "eipalloc-c5c29bf4",
                            "id": "nat-0c2e0a1c4ba8b8496",
                            "network_interface_id": "eni-051dffdd",
                            "private_ip": "172.30.0.132",
                            "public_ip": "34.203.61.182",
                            "subnet_id": "subnet-8115f0db"
                        },
                        "meta": {},
                        "tainted": false
                    },
                    "deposed": [],
                    "provider": ""
                },
                "aws_network_acl.private": {
                    "type": "aws_network_acl",
                    "depends_on": [
                        "aws_subnet.infra1a",
                        "aws_subnet.infra1b",
                        "aws_subnet.infra1c",
                        "aws_subnet.mgr1a",
                        "aws_subnet.mgr1b",
                        "aws_subnet.mgr1c",
                        "aws_subnet.wrk1a",
                        "aws_subnet.wrk1b",
                        "aws_subnet.wrk1c",
                        "aws_vpc.sfiip"
                    ],
                    "primary": {
                        "id": "acl-3aa20d43",
                        "attributes": {
                            "egress.#": "5",
                            "egress.152947009.action": "allow",
                            "egress.152947009.cidr_block": "0.0.0.0/0",
                            "egress.152947009.from_port": "443",
                            "egress.152947009.icmp_code": "0",
                            "egress.152947009.icmp_type": "0",
                            "egress.152947009.ipv6_cidr_block": "",
                            "egress.152947009.protocol": "6",
                            "egress.152947009.rule_no": "130",
                            "egress.152947009.to_port": "443",
                            "egress.1636378140.action": "allow",
                            "egress.1636378140.cidr_block": "0.0.0.0/0",
                            "egress.1636378140.from_port": "53",
                            "egress.1636378140.icmp_code": "0",
                            "egress.1636378140.icmp_type": "0",
                            "egress.1636378140.ipv6_cidr_block": "",
                            "egress.1636378140.protocol": "17",
                            "egress.1636378140.rule_no": "110",
                            "egress.1636378140.to_port": "53",
                            "egress.2339855579.action": "allow",
                            "egress.2339855579.cidr_block": "0.0.0.0/0",
                            "egress.2339855579.from_port": "80",
                            "egress.2339855579.icmp_code": "0",
                            "egress.2339855579.icmp_type": "0",
                            "egress.2339855579.ipv6_cidr_block": "",
                            "egress.2339855579.protocol": "6",
                            "egress.2339855579.rule_no": "120",
                            "egress.2339855579.to_port": "80",
                            "egress.3745672565.action": "allow",
                            "egress.3745672565.cidr_block": "172.30.0.0/16",
                            "egress.3745672565.from_port": "0",
                            "egress.3745672565.icmp_code": "0",
                            "egress.3745672565.icmp_type": "0",
                            "egress.3745672565.ipv6_cidr_block": "",
                            "egress.3745672565.protocol": "-1",
                            "egress.3745672565.rule_no": "1",
                            "egress.3745672565.to_port": "0",
                            "egress.557895879.action": "allow",
                            "egress.557895879.cidr_block": "0.0.0.0/0",
                            "egress.557895879.from_port": "22",
                            "egress.557895879.icmp_code": "0",
                            "egress.557895879.icmp_type": "0",
                            "egress.557895879.ipv6_cidr_block": "",
                            "egress.557895879.protocol": "6",
                            "egress.557895879.rule_no": "100",
                            "egress.557895879.to_port": "22",
                            "id": "acl-3aa20d43",
                            "ingress.#": "3",
                            "ingress.1238172720.action": "allow",
                            "ingress.1238172720.cidr_block": "0.0.0.0/0",
                            "ingress.1238172720.from_port": "1024",
                            "ingress.1238172720.icmp_code": "0",
                            "ingress.1238172720.icmp_type": "0",
                            "ingress.1238172720.ipv6_cidr_block": "",
                            "ingress.1238172720.protocol": "6",
                            "ingress.1238172720.rule_no": "1000",
                            "ingress.1238172720.to_port": "65535",
                            "ingress.369307631.action": "allow",
                            "ingress.369307631.cidr_block": "0.0.0.0/0",
                            "ingress.369307631.from_port": "1024",
                            "ingress.369307631.icmp_code": "0",
                            "ingress.369307631.icmp_type": "0",
                            "ingress.369307631.ipv6_cidr_block": "",
                            "ingress.369307631.protocol": "17",
                            "ingress.369307631.rule_no": "1001",
                            "ingress.369307631.to_port": "65535",
                            "ingress.3745672565.action": "allow",
                            "ingress.3745672565.cidr_block": "172.30.0.0/16",
                            "ingress.3745672565.from_port": "0",
                            "ingress.3745672565.icmp_code": "0",
                            "ingress.3745672565.icmp_type": "0",
                            "ingress.3745672565.ipv6_cidr_block": "",
                            "ingress.3745672565.protocol": "-1",
                            "ingress.3745672565.rule_no": "1",
                            "ingress.3745672565.to_port": "0",
                            "subnet_ids.#": "9",
                            "subnet_ids.1168752059": "subnet-e30aefb9",
                            "subnet_ids.1392723690": "subnet-ac0beef6",
                            "subnet_ids.2204659135": "subnet-02ac422e",
                            "subnet_ids.2508966629": "subnet-4716f31d",
                            "subnet_ids.321492583": "subnet-a6ac428a",
                            "subnet_ids.3669041017": "subnet-2bd9874e",
                            "subnet_ids.3719790974": "subnet-14a64838",
                            "subnet_ids.457423442": "subnet-37d48a52",
                            "subnet_ids.581447794": "subnet-bedb85db",
                            "tags.%": "1",
                            "tags.Name": "private",
                            "vpc_id": "vpc-d16470b7"
                        },
                        "meta": {},
                        "tainted": false
                    },
                    "deposed": [],
                    "provider": ""
                },
                "aws_network_acl.public": {
                    "type": "aws_network_acl",
                    "depends_on": [
                        "aws_subnet.pub1a",
                        "aws_subnet.pub1b",
                        "aws_subnet.pub1c",
                        "aws_vpc.sfiip"
                    ],
                    "primary": {
                        "id": "acl-3abf1043",
                        "attributes": {
                            "egress.#": "7",
                            "egress.1238172720.action": "allow",
                            "egress.1238172720.cidr_block": "0.0.0.0/0",
                            "egress.1238172720.from_port": "1024",
                            "egress.1238172720.icmp_code": "0",
                            "egress.1238172720.icmp_type": "0",
                            "egress.1238172720.ipv6_cidr_block": "",
                            "egress.1238172720.protocol": "6",
                            "egress.1238172720.rule_no": "1000",
                            "egress.1238172720.to_port": "65535",
                            "egress.152947009.action": "allow",
                            "egress.152947009.cidr_block": "0.0.0.0/0",
                            "egress.152947009.from_port": "443",
                            "egress.152947009.icmp_code": "0",
                            "egress.152947009.icmp_type": "0",
                            "egress.152947009.ipv6_cidr_block": "",
                            "egress.152947009.protocol": "6",
                            "egress.152947009.rule_no": "130",
                            "egress.152947009.to_port": "443",
                            "egress.1636378140.action": "allow",
                            "egress.1636378140.cidr_block": "0.0.0.0/0",
                            "egress.1636378140.from_port": "53",
                            "egress.1636378140.icmp_code": "0",
                            "egress.1636378140.icmp_type": "0",
                            "egress.1636378140.ipv6_cidr_block": "",
                            "egress.1636378140.protocol": "17",
                            "egress.1636378140.rule_no": "110",
                            "egress.1636378140.to_port": "53",
                            "egress.2339855579.action": "allow",
                            "egress.2339855579.cidr_block": "0.0.0.0/0",
                            "egress.2339855579.from_port": "80",
                            "egress.2339855579.icmp_code": "0",
                            "egress.2339855579.icmp_type": "0",
                            "egress.2339855579.ipv6_cidr_block": "",
                            "egress.2339855579.protocol": "6",
                            "egress.2339855579.rule_no": "120",
                            "egress.2339855579.to_port": "80",
                            "egress.369307631.action": "allow",
                            "egress.369307631.cidr_block": "0.0.0.0/0",
                            "egress.369307631.from_port": "1024",
                            "egress.369307631.icmp_code": "0",
                            "egress.369307631.icmp_type": "0",
                            "egress.369307631.ipv6_cidr_block": "",
                            "egress.369307631.protocol": "17",
                            "egress.369307631.rule_no": "1001",
                            "egress.369307631.to_port": "65535",
                            "egress.3745672565.action": "allow",
                            "egress.3745672565.cidr_block": "172.30.0.0/16",
                            "egress.3745672565.from_port": "0",
                            "egress.3745672565.icmp_code": "0",
                            "egress.3745672565.icmp_type": "0",
                            "egress.3745672565.ipv6_cidr_block": "",
                            "egress.3745672565.protocol": "-1",
                            "egress.3745672565.rule_no": "1",
                            "egress.3745672565.to_port": "0",
                            "egress.557895879.action": "allow",
                            "egress.557895879.cidr_block": "0.0.0.0/0",
                            "egress.557895879.from_port": "22",
                            "egress.557895879.icmp_code": "0",
                            "egress.557895879.icmp_type": "0",
                            "egress.557895879.ipv6_cidr_block": "",
                            "egress.557895879.protocol": "6",
                            "egress.557895879.rule_no": "100",
                            "egress.557895879.to_port": "22",
                            "id": "acl-3abf1043",
                            "ingress.#": "6",
                            "ingress.1238172720.action": "allow",
                            "ingress.1238172720.cidr_block": "0.0.0.0/0",
                            "ingress.1238172720.from_port": "1024",
                            "ingress.1238172720.icmp_code": "0",
                            "ingress.1238172720.icmp_type": "0",
                            "ingress.1238172720.ipv6_cidr_block": "",
                            "ingress.1238172720.protocol": "6",
                            "ingress.1238172720.rule_no": "1000",
                            "ingress.1238172720.to_port": "65535",
                            "ingress.2032185635.action": "allow",
                            "ingress.2032185635.cidr_block": "0.0.0.0/0",
                            "ingress.2032185635.from_port": "80",
                            "ingress.2032185635.icmp_code": "0",
                            "ingress.2032185635.icmp_type": "0",
                            "ingress.2032185635.ipv6_cidr_block": "",
                            "ingress.2032185635.protocol": "6",
                            "ingress.2032185635.rule_no": "110",
                            "ingress.2032185635.to_port": "80",
                            "ingress.369307631.action": "allow",
                            "ingress.369307631.cidr_block": "0.0.0.0/0",
                            "ingress.369307631.from_port": "1024",
                            "ingress.369307631.icmp_code": "0",
                            "ingress.369307631.icmp_type": "0",
                            "ingress.369307631.ipv6_cidr_block": "",
                            "ingress.369307631.protocol": "17",
                            "ingress.369307631.rule_no": "1001",
                            "ingress.369307631.to_port": "65535",
                            "ingress.3745672565.action": "allow",
                            "ingress.3745672565.cidr_block": "172.30.0.0/16",
                            "ingress.3745672565.from_port": "0",
                            "ingress.3745672565.icmp_code": "0",
                            "ingress.3745672565.icmp_type": "0",
                            "ingress.3745672565.ipv6_cidr_block": "",
                            "ingress.3745672565.protocol": "-1",
                            "ingress.3745672565.rule_no": "1",
                            "ingress.3745672565.to_port": "0",
                            "ingress.3993006038.action": "allow",
                            "ingress.3993006038.cidr_block": "0.0.0.0/0",
                            "ingress.3993006038.from_port": "443",
                            "ingress.3993006038.icmp_code": "0",
                            "ingress.3993006038.icmp_type": "0",
                            "ingress.3993006038.ipv6_cidr_block": "",
                            "ingress.3993006038.protocol": "6",
                            "ingress.3993006038.rule_no": "120",
                            "ingress.3993006038.to_port": "443",
                            "ingress.557895879.action": "allow",
                            "ingress.557895879.cidr_block": "0.0.0.0/0",
                            "ingress.557895879.from_port": "22",
                            "ingress.557895879.icmp_code": "0",
                            "ingress.557895879.icmp_type": "0",
                            "ingress.557895879.ipv6_cidr_block": "",
                            "ingress.557895879.protocol": "6",
                            "ingress.557895879.rule_no": "100",
                            "ingress.557895879.to_port": "22",
                            "subnet_ids.#": "3",
                            "subnet_ids.1305819811": "subnet-ccaa44e0",
                            "subnet_ids.3390051742": "subnet-24d88641",
                            "subnet_ids.3401392701": "subnet-8115f0db",
                            "tags.%": "1",
                            "tags.Name": "public",
                            "vpc_id": "vpc-d16470b7"
                        },
                        "meta": {},
                        "tainted": false
                    },
                    "deposed": [],
                    "provider": ""
                },
                "aws_route_table.pub": {
                    "type": "aws_route_table",
                    "depends_on": [
                        "aws_internet_gateway.sfiip",
                        "aws_vpc.sfiip"
                    ],
                    "primary": {
                        "id": "rtb-ec456b95",
                        "attributes": {
                            "id": "rtb-ec456b95",
                            "propagating_vgws.#": "0",
                            "route.#": "1",
                            "route.1741538025.cidr_block": "0.0.0.0/0",
                            "route.1741538025.egress_only_gateway_id": "",
                            "route.1741538025.gateway_id": "igw-b5529fd3",
                            "route.1741538025.instance_id": "",
                            "route.1741538025.ipv6_cidr_block": "",
                            "route.1741538025.nat_gateway_id": "",
                            "route.1741538025.network_interface_id": "",
                            "route.1741538025.vpc_peering_connection_id": "",
                            "tags.%": "1",
                            "tags.Name": "public",
                            "vpc_id": "vpc-d16470b7"
                        },
                        "meta": {},
                        "tainted": false
                    },
                    "deposed": [],
                    "provider": ""
                },
                "aws_route_table.pvt": {
                    "type": "aws_route_table",
                    "depends_on": [
                        "aws_nat_gateway.natgw1a",
                        "aws_vpc.sfiip"
                    ],
                    "primary": {
                        "id": "rtb-eb446a92",
                        "attributes": {
                            "id": "rtb-eb446a92",
                            "propagating_vgws.#": "0",
                            "route.#": "1",
                            "route.1618342664.cidr_block": "0.0.0.0/0",
                            "route.1618342664.egress_only_gateway_id": "",
                            "route.1618342664.gateway_id": "",
                            "route.1618342664.instance_id": "",
                            "route.1618342664.ipv6_cidr_block": "",
                            "route.1618342664.nat_gateway_id": "nat-0c2e0a1c4ba8b8496",
                            "route.1618342664.network_interface_id": "",
                            "route.1618342664.vpc_peering_connection_id": "",
                            "tags.%": "1",
                            "tags.Name": "private",
                            "vpc_id": "vpc-d16470b7"
                        },
                        "meta": {},
                        "tainted": false
                    },
                    "deposed": [],
                    "provider": ""
                },
                "aws_route_table_association.infra1a": {
                    "type": "aws_route_table_association",
                    "depends_on": [
                        "aws_route_table.pvt",
                        "aws_subnet.infra1a"
                    ],
                    "primary": {
                        "id": "rtbassoc-08804a73",
                        "attributes": {
                            "id": "rtbassoc-08804a73",
                            "route_table_id": "rtb-eb446a92",
                            "subnet_id": "subnet-ac0beef6"
                        },
                        "meta": {},
                        "tainted": false
                    },
                    "deposed": [],
                    "provider": ""
                },
                "aws_route_table_association.infra1b": {
                    "type": "aws_route_table_association",
                    "depends_on": [
                        "aws_route_table.pvt",
                        "aws_subnet.infra1b"
                    ],
                    "primary": {
                        "id": "rtbassoc-16874d6d",
                        "attributes": {
                            "id": "rtbassoc-16874d6d",
                            "route_table_id": "rtb-eb446a92",
                            "subnet_id": "subnet-bedb85db"
                        },
                        "meta": {},
                        "tainted": false
                    },
                    "deposed": [],
                    "provider": ""
                },
                "aws_route_table_association.infra1c": {
                    "type": "aws_route_table_association",
                    "depends_on": [
                        "aws_route_table.pvt",
                        "aws_subnet.infra1c"
                    ],
                    "primary": {
                        "id": "rtbassoc-72874d09",
                        "attributes": {
                            "id": "rtbassoc-72874d09",
                            "route_table_id": "rtb-eb446a92",
                            "subnet_id": "subnet-a6ac428a"
                        },
                        "meta": {},
                        "tainted": false
                    },
                    "deposed": [],
                    "provider": ""
                },
                "aws_route_table_association.mgr1a": {
                    "type": "aws_route_table_association",
                    "depends_on": [
                        "aws_route_table.pvt",
                        "aws_subnet.mgr1a"
                    ],
                    "primary": {
                        "id": "rtbassoc-9a814be1",
                        "attributes": {
                            "id": "rtbassoc-9a814be1",
                            "route_table_id": "rtb-eb446a92",
                            "subnet_id": "subnet-4716f31d"
                        },
                        "meta": {},
                        "tainted": false
                    },
                    "deposed": [],
                    "provider": ""
                },
                "aws_route_table_association.mgr1b": {
                    "type": "aws_route_table_association",
                    "depends_on": [
                        "aws_route_table.pvt",
                        "aws_subnet.mgr1b"
                    ],
                    "primary": {
                        "id": "rtbassoc-5d814b26",
                        "attributes": {
                            "id": "rtbassoc-5d814b26",
                            "route_table_id": "rtb-eb446a92",
                            "subnet_id": "subnet-37d48a52"
                        },
                        "meta": {},
                        "tainted": false
                    },
                    "deposed": [],
                    "provider": ""
                },
                "aws_route_table_association.mgr1c": {
                    "type": "aws_route_table_association",
                    "depends_on": [
                        "aws_route_table.pvt",
                        "aws_subnet.mgr1c"
                    ],
                    "primary": {
                        "id": "rtbassoc-9d8248e6",
                        "attributes": {
                            "id": "rtbassoc-9d8248e6",
                            "route_table_id": "rtb-eb446a92",
                            "subnet_id": "subnet-14a64838"
                        },
                        "meta": {},
                        "tainted": false
                    },
                    "deposed": [],
                    "provider": ""
                },
                "aws_route_table_association.pub1a": {
                    "type": "aws_route_table_association",
                    "depends_on": [
                        "aws_route_table.pub",
                        "aws_subnet.pub1a"
                    ],
                    "primary": {
                        "id": "rtbassoc-02814b79",
                        "attributes": {
                            "id": "rtbassoc-02814b79",
                            "route_table_id": "rtb-ec456b95",
                            "subnet_id": "subnet-8115f0db"
                        },
                        "meta": {},
                        "tainted": false
                    },
                    "deposed": [],
                    "provider": ""
                },
                "aws_route_table_association.pub1b": {
                    "type": "aws_route_table_association",
                    "depends_on": [
                        "aws_route_table.pub",
                        "aws_subnet.pub1b"
                    ],
                    "primary": {
                        "id": "rtbassoc-8b8349f0",
                        "attributes": {
                            "id": "rtbassoc-8b8349f0",
                            "route_table_id": "rtb-ec456b95",
                            "subnet_id": "subnet-24d88641"
                        },
                        "meta": {},
                        "tainted": false
                    },
                    "deposed": [],
                    "provider": ""
                },
                "aws_route_table_association.pub1c": {
                    "type": "aws_route_table_association",
                    "depends_on": [
                        "aws_route_table.pub",
                        "aws_subnet.pub1c"
                    ],
                    "primary": {
                        "id": "rtbassoc-fa824881",
                        "attributes": {
                            "id": "rtbassoc-fa824881",
                            "route_table_id": "rtb-ec456b95",
                            "subnet_id": "subnet-ccaa44e0"
                        },
                        "meta": {},
                        "tainted": false
                    },
                    "deposed": [],
                    "provider": ""
                },
                "aws_route_table_association.wrk1a": {
                    "type": "aws_route_table_association",
                    "depends_on": [
                        "aws_route_table.pvt",
                        "aws_subnet.wrk1a"
                    ],
                    "primary": {
                        "id": "rtbassoc-ff814b84",
                        "attributes": {
                            "id": "rtbassoc-ff814b84",
                            "route_table_id": "rtb-eb446a92",
                            "subnet_id": "subnet-e30aefb9"
                        },
                        "meta": {},
                        "tainted": false
                    },
                    "deposed": [],
                    "provider": ""
                },
                "aws_route_table_association.wrk1b": {
                    "type": "aws_route_table_association",
                    "depends_on": [
                        "aws_route_table.pvt",
                        "aws_subnet.wrk1b"
                    ],
                    "primary": {
                        "id": "rtbassoc-09804a72",
                        "attributes": {
                            "id": "rtbassoc-09804a72",
                            "route_table_id": "rtb-eb446a92",
                            "subnet_id": "subnet-2bd9874e"
                        },
                        "meta": {},
                        "tainted": false
                    },
                    "deposed": [],
                    "provider": ""
                },
                "aws_route_table_association.wrk1c": {
                    "type": "aws_route_table_association",
                    "depends_on": [
                        "aws_route_table.pvt",
                        "aws_subnet.wrk1c"
                    ],
                    "primary": {
                        "id": "rtbassoc-5a844e21",
                        "attributes": {
                            "id": "rtbassoc-5a844e21",
                            "route_table_id": "rtb-eb446a92",
                            "subnet_id": "subnet-02ac422e"
                        },
                        "meta": {},
                        "tainted": false
                    },
                    "deposed": [],
                    "provider": ""
                },
                "aws_subnet.infra1a": {
                    "type": "aws_subnet",
                    "depends_on": [
                        "aws_vpc.sfiip"
                    ],
                    "primary": {
                        "id": "subnet-ac0beef6",
                        "attributes": {
                            "assign_ipv6_address_on_creation": "false",
                            "availability_zone": "us-east-1a",
                            "cidr_block": "172.30.10.0/24",
                            "id": "subnet-ac0beef6",
                            "map_public_ip_on_launch": "false",
                            "tags.%": "1",
                            "tags.Name": "sfiip-infra-1a",
                            "vpc_id": "vpc-d16470b7"
                        },
                        "meta": {},
                        "tainted": false
                    },
                    "deposed": [],
                    "provider": ""
                },
                "aws_subnet.infra1b": {
                    "type": "aws_subnet",
                    "depends_on": [
                        "aws_vpc.sfiip"
                    ],
                    "primary": {
                        "id": "subnet-bedb85db",
                        "attributes": {
                            "assign_ipv6_address_on_creation": "false",
                            "availability_zone": "us-east-1b",
                            "cidr_block": "172.30.11.0/24",
                            "id": "subnet-bedb85db",
                            "map_public_ip_on_launch": "false",
                            "tags.%": "1",
                            "tags.Name": "sfiip-infra-1b",
                            "vpc_id": "vpc-d16470b7"
                        },
                        "meta": {},
                        "tainted": false
                    },
                    "deposed": [],
                    "provider": ""
                },
                "aws_subnet.infra1c": {
                    "type": "aws_subnet",
                    "depends_on": [
                        "aws_vpc.sfiip"
                    ],
                    "primary": {
                        "id": "subnet-a6ac428a",
                        "attributes": {
                            "assign_ipv6_address_on_creation": "false",
                            "availability_zone": "us-east-1c",
                            "cidr_block": "172.30.12.0/24",
                            "id": "subnet-a6ac428a",
                            "map_public_ip_on_launch": "false",
                            "tags.%": "1",
                            "tags.Name": "sfiip-infra-1c",
                            "vpc_id": "vpc-d16470b7"
                        },
                        "meta": {},
                        "tainted": false
                    },
                    "deposed": [],
                    "provider": ""
                },
                "aws_subnet.mgr1a": {
                    "type": "aws_subnet",
                    "depends_on": [
                        "aws_vpc.sfiip"
                    ],
                    "primary": {
                        "id": "subnet-4716f31d",
                        "attributes": {
                            "assign_ipv6_address_on_creation": "false",
                            "availability_zone": "us-east-1a",
                            "cidr_block": "172.30.20.0/24",
                            "id": "subnet-4716f31d",
                            "map_public_ip_on_launch": "false",
                            "tags.%": "1",
                            "tags.Name": "sfiip-mgr-1a",
                            "vpc_id": "vpc-d16470b7"
                        },
                        "meta": {},
                        "tainted": false
                    },
                    "deposed": [],
                    "provider": ""
                },
                "aws_subnet.mgr1b": {
                    "type": "aws_subnet",
                    "depends_on": [
                        "aws_vpc.sfiip"
                    ],
                    "primary": {
                        "id": "subnet-37d48a52",
                        "attributes": {
                            "assign_ipv6_address_on_creation": "false",
                            "availability_zone": "us-east-1b",
                            "cidr_block": "172.30.21.0/24",
                            "id": "subnet-37d48a52",
                            "map_public_ip_on_launch": "false",
                            "tags.%": "1",
                            "tags.Name": "sfiip-mgr-1b",
                            "vpc_id": "vpc-d16470b7"
                        },
                        "meta": {},
                        "tainted": false
                    },
                    "deposed": [],
                    "provider": ""
                },
                "aws_subnet.mgr1c": {
                    "type": "aws_subnet",
                    "depends_on": [
                        "aws_vpc.sfiip"
                    ],
                    "primary": {
                        "id": "subnet-14a64838",
                        "attributes": {
                            "assign_ipv6_address_on_creation": "false",
                            "availability_zone": "us-east-1c",
                            "cidr_block": "172.30.22.0/24",
                            "id": "subnet-14a64838",
                            "map_public_ip_on_launch": "false",
                            "tags.%": "1",
                            "tags.Name": "sfiip-mgr-1c",
                            "vpc_id": "vpc-d16470b7"
                        },
                        "meta": {},
                        "tainted": false
                    },
                    "deposed": [],
                    "provider": ""
                },
                "aws_subnet.pub1a": {
                    "type": "aws_subnet",
                    "depends_on": [
                        "aws_vpc.sfiip"
                    ],
                    "primary": {
                        "id": "subnet-8115f0db",
                        "attributes": {
                            "assign_ipv6_address_on_creation": "false",
                            "availability_zone": "us-east-1a",
                            "cidr_block": "172.30.0.0/24",
                            "id": "subnet-8115f0db",
                            "map_public_ip_on_launch": "false",
                            "tags.%": "1",
                            "tags.Name": "sfiip-pub-1a",
                            "vpc_id": "vpc-d16470b7"
                        },
                        "meta": {},
                        "tainted": false
                    },
                    "deposed": [],
                    "provider": ""
                },
                "aws_subnet.pub1b": {
                    "type": "aws_subnet",
                    "depends_on": [
                        "aws_vpc.sfiip"
                    ],
                    "primary": {
                        "id": "subnet-24d88641",
                        "attributes": {
                            "assign_ipv6_address_on_creation": "false",
                            "availability_zone": "us-east-1b",
                            "cidr_block": "172.30.1.0/24",
                            "id": "subnet-24d88641",
                            "map_public_ip_on_launch": "false",
                            "tags.%": "1",
                            "tags.Name": "sfiip-pub-1b",
                            "vpc_id": "vpc-d16470b7"
                        },
                        "meta": {},
                        "tainted": false
                    },
                    "deposed": [],
                    "provider": ""
                },
                "aws_subnet.pub1c": {
                    "type": "aws_subnet",
                    "depends_on": [
                        "aws_vpc.sfiip"
                    ],
                    "primary": {
                        "id": "subnet-ccaa44e0",
                        "attributes": {
                            "assign_ipv6_address_on_creation": "false",
                            "availability_zone": "us-east-1c",
                            "cidr_block": "172.30.2.0/24",
                            "id": "subnet-ccaa44e0",
                            "map_public_ip_on_launch": "false",
                            "tags.%": "1",
                            "tags.Name": "sfiip-pub-1c",
                            "vpc_id": "vpc-d16470b7"
                        },
                        "meta": {},
                        "tainted": false
                    },
                    "deposed": [],
                    "provider": ""
                },
                "aws_subnet.wrk1a": {
                    "type": "aws_subnet",
                    "depends_on": [
                        "aws_vpc.sfiip"
                    ],
                    "primary": {
                        "id": "subnet-e30aefb9",
                        "attributes": {
                            "assign_ipv6_address_on_creation": "false",
                            "availability_zone": "us-east-1a",
                            "cidr_block": "172.30.30.0/24",
                            "id": "subnet-e30aefb9",
                            "map_public_ip_on_launch": "false",
                            "tags.%": "1",
                            "tags.Name": "sfiip-wrk-1a",
                            "vpc_id": "vpc-d16470b7"
                        },
                        "meta": {},
                        "tainted": false
                    },
                    "deposed": [],
                    "provider": ""
                },
                "aws_subnet.wrk1b": {
                    "type": "aws_subnet",
                    "depends_on": [
                        "aws_vpc.sfiip"
                    ],
                    "primary": {
                        "id": "subnet-2bd9874e",
                        "attributes": {
                            "assign_ipv6_address_on_creation": "false",
                            "availability_zone": "us-east-1b",
                            "cidr_block": "172.30.31.0/24",
                            "id": "subnet-2bd9874e",
                            "map_public_ip_on_launch": "false",
                            "tags.%": "1",
                            "tags.Name": "sfiip-wrk-1b",
                            "vpc_id": "vpc-d16470b7"
                        },
                        "meta": {},
                        "tainted": false
                    },
                    "deposed": [],
                    "provider": ""
                },
                "aws_subnet.wrk1c": {
                    "type": "aws_subnet",
                    "depends_on": [
                        "aws_vpc.sfiip"
                    ],
                    "primary": {
                        "id": "subnet-02ac422e",
                        "attributes": {
                            "assign_ipv6_address_on_creation": "false",
                            "availability_zone": "us-east-1c",
                            "cidr_block": "172.30.32.0/24",
                            "id": "subnet-02ac422e",
                            "map_public_ip_on_launch": "false",
                            "tags.%": "1",
                            "tags.Name": "sfiip-wrk-1c",
                            "vpc_id": "vpc-d16470b7"
                        },
                        "meta": {},
                        "tainted": false
                    },
                    "deposed": [],
                    "provider": ""
                },
                "aws_vpc.sfiip": {
                    "type": "aws_vpc",
                    "depends_on": [],
                    "primary": {
                        "id": "vpc-d16470b7",
                        "attributes": {
                            "assign_generated_ipv6_cidr_block": "false",
                            "cidr_block": "172.30.0.0/16",
                            "default_network_acl_id": "acl-3ba20d42",
                            "default_route_table_id": "rtb-92446aeb",
                            "default_security_group_id": "sg-69b08116",
                            "dhcp_options_id": "dopt-37f9f950",
                            "enable_classiclink": "false",
                            "enable_dns_hostnames": "false",
                            "enable_dns_support": "true",
                            "id": "vpc-d16470b7",
                            "instance_tenancy": "default",
                            "main_route_table_id": "rtb-92446aeb",
                            "tags.%": "1",
                            "tags.Name": "sfiip"
                        },
                        "meta": {
                            "schema_version": "1"
                        },
                        "tainted": false
                    },
                    "deposed": [],
                    "provider": ""
                }
            },
            "depends_on": []
        }
    ]
}
